PODS:
  - APPDATA (1.0.0):
    - IDEAKit
    - YYKit
  - APPDEBUG (1.0.0):
    - IDEAKit
    - YYKit
  - cdebug (1.3)
  - FMDB (2.7.5):
    - FMDB/standard (= 2.7.5)
  - FMDB/standard (2.7.5)
  - FoundationExtension (2.1.0):
    - cdebug (~> 1.3)
    - FoundationExtension/FoundationExtension (= 2.1.0)
    - FoundationExtension/FoundationExtensionRC (= 2.1.0)
  - FoundationExtension/FoundationExtension (2.1.0):
    - cdebug (~> 1.3)
    - FoundationExtension/FoundationExtensionRC
  - FoundationExtension/FoundationExtensionRC (2.1.0):
    - cdebug (~> 1.3)
  - IDEAApplet (1.0.1):
    - IDEAApplet/applet-framework (= 1.0.1)
  - IDEAApplet/applet-framework (1.0.1):
    - IDEAApplet/applet-framework/samurai-config (= 1.0.1)
    - IDEAApplet/applet-framework/samurai-core (= 1.0.1)
    - IDEAApplet/applet-framework/samurai-event (= 1.0.1)
    - IDEAApplet/applet-framework/samurai-model (= 1.0.1)
    - IDEAApplet/applet-framework/samurai-route (= 1.0.1)
    - IDEAApplet/applet-framework/samurai-service (= 1.0.1)
    - IDEAApplet/applet-framework/samurai-view (= 1.0.1)
    - IDEAApplet/applet-framework/vendor (= 1.0.1)
  - IDEAApplet/applet-framework/samurai-config (1.0.1)
  - IDEAApplet/applet-framework/samurai-core (1.0.1):
    - IDEAApplet/applet-framework/samurai-core/extension (= 1.0.1)
    - IDEAApplet/applet-framework/samurai-core/modules (= 1.0.1)
  - IDEAApplet/applet-framework/samurai-core/extension (1.0.1)
  - IDEAApplet/applet-framework/samurai-core/modules (1.0.1)
  - IDEAApplet/applet-framework/samurai-event (1.0.1):
    - IDEAApplet/applet-framework/samurai-event/modules (= 1.0.1)
  - IDEAApplet/applet-framework/samurai-event/modules (1.0.1)
  - IDEAApplet/applet-framework/samurai-model (1.0.1):
    - IDEAApplet/applet-framework/samurai-model/extension (= 1.0.1)
    - IDEAApplet/applet-framework/samurai-model/modules (= 1.0.1)
  - IDEAApplet/applet-framework/samurai-model/extension (1.0.1)
  - IDEAApplet/applet-framework/samurai-model/modules (1.0.1)
  - IDEAApplet/applet-framework/samurai-route (1.0.1)
  - IDEAApplet/applet-framework/samurai-service (1.0.1):
    - IDEAApplet/applet-framework/samurai-service/extension (= 1.0.1)
    - IDEAApplet/applet-framework/samurai-service/modules (= 1.0.1)
  - IDEAApplet/applet-framework/samurai-service/extension (1.0.1)
  - IDEAApplet/applet-framework/samurai-service/modules (1.0.1):
    - IDEAApplet/applet-framework/samurai-service/modules/docker (= 1.0.1)
    - IDEAApplet/applet-framework/samurai-service/modules/service (= 1.0.1)
  - IDEAApplet/applet-framework/samurai-service/modules/docker (1.0.1)
  - IDEAApplet/applet-framework/samurai-service/modules/service (1.0.1)
  - IDEAApplet/applet-framework/samurai-view (1.0.1):
    - IDEAApplet/applet-framework/samurai-view/extension (= 1.0.1)
    - IDEAApplet/applet-framework/samurai-view/modules (= 1.0.1)
  - IDEAApplet/applet-framework/samurai-view/extension (1.0.1)
  - IDEAApplet/applet-framework/samurai-view/modules (1.0.1):
    - IDEAApplet/applet-framework/samurai-view/modules/view-component (= 1.0.1)
    - IDEAApplet/applet-framework/samurai-view/modules/view-controller (= 1.0.1)
    - IDEAApplet/applet-framework/samurai-view/modules/view-core (= 1.0.1)
    - IDEAApplet/applet-framework/samurai-view/modules/view-event (= 1.0.1)
    - IDEAApplet/applet-framework/samurai-view/modules/view-utility (= 1.0.1)
  - IDEAApplet/applet-framework/samurai-view/modules/view-component (1.0.1)
  - IDEAApplet/applet-framework/samurai-view/modules/view-controller (1.0.1)
  - IDEAApplet/applet-framework/samurai-view/modules/view-core (1.0.1)
  - IDEAApplet/applet-framework/samurai-view/modules/view-event (1.0.1)
  - IDEAApplet/applet-framework/samurai-view/modules/view-utility (1.0.1)
  - IDEAApplet/applet-framework/vendor (1.0.1):
    - IDEAApplet/applet-framework/vendor/fishhook (= 1.0.1)
  - IDEAApplet/applet-framework/vendor/fishhook (1.0.1)
  - IDEAAppletDebugger (1.0.0):
    - FMDB
    - FoundationExtension
    - IDEAApplet
    - IDEAAppletDebugger/ServiceBorder (= 1.0.0)
    - IDEAAppletDebugger/ServiceConsole (= 1.0.0)
    - IDEAAppletDebugger/ServiceGesture (= 1.0.0)
    - IDEAAppletDebugger/ServiceGrids (= 1.0.0)
    - IDEAAppletDebugger/ServiceInspector (= 1.0.0)
    - IDEAAppletDebugger/ServiceMonitor (= 1.0.0)
    - IDEAAppletDebugger/ServiceTapspot (= 1.0.0)
    - IDEAAppletDebugger/ServiceTheme (= 1.0.0)
    - IDEANightVersion
    - UIKitExtension
  - IDEAAppletDebugger/ServiceBorder (1.0.0):
    - FMDB
    - FoundationExtension
    - IDEAApplet
    - IDEANightVersion
    - UIKitExtension
  - IDEAAppletDebugger/ServiceConsole (1.0.0):
    - FMDB
    - FoundationExtension
    - IDEAApplet
    - IDEANightVersion
    - UIKitExtension
  - IDEAAppletDebugger/ServiceGesture (1.0.0):
    - FMDB
    - FoundationExtension
    - IDEAApplet
    - IDEANightVersion
    - UIKitExtension
  - IDEAAppletDebugger/ServiceGrids (1.0.0):
    - FMDB
    - FoundationExtension
    - IDEAApplet
    - IDEANightVersion
    - UIKitExtension
  - IDEAAppletDebugger/ServiceInspector (1.0.0):
    - FMDB
    - FoundationExtension
    - IDEAApplet
    - IDEANightVersion
    - UIKitExtension
  - IDEAAppletDebugger/ServiceMonitor (1.0.0):
    - FMDB
    - FoundationExtension
    - IDEAApplet
    - IDEAAppletDebugger/ServiceMonitor/JBChartView (= 1.0.0)
    - IDEANightVersion
    - UIKitExtension
  - IDEAAppletDebugger/ServiceMonitor/JBChartView (1.0.0):
    - FMDB
    - FoundationExtension
    - IDEAApplet
    - IDEANightVersion
    - UIKitExtension
  - IDEAAppletDebugger/ServiceTapspot (1.0.0):
    - FMDB
    - FoundationExtension
    - IDEAApplet
    - IDEANightVersion
    - UIKitExtension
  - IDEAAppletDebugger/ServiceTheme (1.0.0):
    - FMDB
    - FoundationExtension
    - IDEAApplet
    - IDEANightVersion
    - UIKitExtension
  - IDEAColor (1.0.0):
    - IDEANightVersion
  - IDEAKit (1.0.1):
    - FoundationExtension
    - YYKit
  - IDEANightVersion (2.4.3)
  - IDEAPalettes (2.1)
  - IDEAPing (1.0.1):
    - SimplePing
  - IDEARoute (1.0.7)
  - IDEATabBarControllerTransition (1.0.0):
    - RTRootNavigationController
    - YYKit
  - IDEAUIKit (1.0.1):
    - FoundationExtension
    - IDEAColor
    - IDEAKit
    - IDEANightVersion
    - RTRootNavigationController
    - UIKitExtension
    - YYKit
  - IDEAUIVendor (1.0.0):
    - FoundationExtension
    - IDEAColor
    - IDEAKit
    - IDEANightVersion
    - IDEAUIKit
    - RTRootNavigationController
    - UIKitExtension
  - libwebp (1.2.0):
    - libwebp/demux (= 1.2.0)
    - libwebp/mux (= 1.2.0)
    - libwebp/webp (= 1.2.0)
  - libwebp/demux (1.2.0):
    - libwebp/webp
  - libwebp/mux (1.2.0):
    - libwebp/demux
  - libwebp/webp (1.2.0)
  - MaterialComponents/ActivityIndicator (124.2.0):
    - MaterialComponents/Palettes
    - MaterialComponents/private/Application
    - MDFInternationalization
    - MotionAnimator (~> 4.0)
  - MaterialComponents/AnimationTiming (124.2.0)
  - MaterialComponents/AppBar (124.2.0):
    - MaterialComponents/FlexibleHeader
    - MaterialComponents/HeaderStackView
    - MaterialComponents/NavigationBar
    - MaterialComponents/private/Application
    - MaterialComponents/private/Icons/ic_arrow_back
    - MaterialComponents/private/UIMetrics
    - MaterialComponents/ShadowElevations
    - MaterialComponents/ShadowLayer
    - MaterialComponents/Typography
    - MDFInternationalization
  - MaterialComponents/Availability (124.2.0)
  - MaterialComponents/ButtonBar (124.2.0):
    - MaterialComponents/Buttons
    - MaterialComponents/private/Application
    - MDFInternationalization
  - MaterialComponents/Buttons (124.2.0):
    - MaterialComponents/Elevation
    - MaterialComponents/Ink
    - MaterialComponents/private/Math
    - MaterialComponents/Ripple
    - MaterialComponents/Shadow
    - MaterialComponents/ShadowElevations
    - MaterialComponents/ShadowLayer
    - MaterialComponents/ShapeLibrary
    - MaterialComponents/Shapes
    - MaterialComponents/Typography
    - MDFInternationalization
    - MDFTextAccessibility
  - MaterialComponents/Elevation (124.2.0):
    - MaterialComponents/Availability
    - MaterialComponents/private/Color
    - MaterialComponents/private/Math
  - MaterialComponents/FlexibleHeader (124.2.0):
    - MaterialComponents/Availability
    - MaterialComponents/Elevation
    - "MaterialComponents/FlexibleHeader+ShiftBehavior"
    - "MaterialComponents/FlexibleHeader+ShiftBehaviorEnabledWithStatusBar"
    - MaterialComponents/private/Application
    - MaterialComponents/private/Math
    - MaterialComponents/private/UIMetrics
    - MaterialComponents/ShadowElevations
    - MaterialComponents/ShadowLayer
    - MDFTextAccessibility
  - "MaterialComponents/FlexibleHeader+ShiftBehavior (124.2.0)"
  - "MaterialComponents/FlexibleHeader+ShiftBehaviorEnabledWithStatusBar (124.2.0)":
    - "MaterialComponents/FlexibleHeader+ShiftBehavior"
  - MaterialComponents/HeaderStackView (124.2.0)
  - MaterialComponents/Ink (124.2.0):
    - MaterialComponents/Availability
    - MaterialComponents/private/Color
    - MaterialComponents/private/Math
  - MaterialComponents/NavigationBar (124.2.0):
    - MaterialComponents/ButtonBar
    - MaterialComponents/Elevation
    - MaterialComponents/private/Math
    - MaterialComponents/Typography
    - MDFInternationalization
    - MDFTextAccessibility
  - MaterialComponents/Palettes (124.2.0)
  - MaterialComponents/private/Application (124.2.0)
  - MaterialComponents/private/Color (124.2.0):
    - MaterialComponents/Availability
  - MaterialComponents/private/Icons/Base (124.2.0)
  - MaterialComponents/private/Icons/ic_arrow_back (124.2.0):
    - MaterialComponents/private/Icons/Base
  - MaterialComponents/private/Math (124.2.0)
  - MaterialComponents/private/UIMetrics (124.2.0):
    - MaterialComponents/private/Application
  - MaterialComponents/Ripple (124.2.0):
    - MaterialComponents/AnimationTiming
    - MaterialComponents/Availability
    - MaterialComponents/private/Color
    - MaterialComponents/private/Math
  - MaterialComponents/Shadow (124.2.0):
    - MaterialComponents/Availability
  - MaterialComponents/ShadowElevations (124.2.0)
  - MaterialComponents/ShadowLayer (124.2.0):
    - MaterialComponents/ShadowElevations
  - MaterialComponents/ShapeLibrary (124.2.0):
    - MaterialComponents/private/Math
    - MaterialComponents/Shapes
  - MaterialComponents/Shapes (124.2.0):
    - MaterialComponents/private/Color
    - MaterialComponents/private/Math
    - MaterialComponents/ShadowLayer
  - MaterialComponents/Typography (124.2.0):
    - MaterialComponents/private/Application
    - MaterialComponents/private/Math
    - MDFTextAccessibility
  - MDFInternationalization (2.0.0)
  - MDFTextAccessibility (2.0.1)
  - MotionAnimator (4.0.1):
    - MotionInterchange (~> 3.0)
  - MotionInterchange (3.0.0)
  - Reveal-SDK (24)
  - RTRootNavigationController (0.8.0):
    - RTRootNavigationController/Core (= 0.8.0)
  - RTRootNavigationController/Core (0.8.0)
  - SimplePing (1.0.1)
  - UIKitExtension (2.1.0):
    - cdebug (~> 1.3)
    - FoundationExtension (~> 2.1.0)
  - YYKit (1.0.9-IDEA):
    - libwebp
    - YYKit/no-arc (= 1.0.9-IDEA)
  - YYKit/no-arc (1.0.9-IDEA):
    - libwebp

DEPENDENCIES:
  - APPDATA (from `APPDATA`)
  - APPDEBUG (from `APPDEBUG`)
  - FoundationExtension
  - IDEAApplet (from `../MINIWING-PODs/Idea.Applets`)
  - IDEAAppletDebugger (from `../MINIWING-PODs/Idea.Applets`)
  - IDEAColor (from `../MINIWING-PODs/IDEAColor`)
  - IDEAKit (from `../MINIWING-PODs/IDEAKit`)
  - IDEANightVersion (from `../MINIWING-PODs/IDEANightVersion`)
  - IDEAPalettes (from `../MINIWING-PODs/IDEAPalettes`)
  - IDEAPing (from `../MINIWING-PODs/IDEAPing`)
  - IDEARoute (from `../MINIWING-PODs/IDEARoute`)
  - IDEATabBarControllerTransition (from `../MINIWING-PODs/IDEATabBarControllerTransition`)
  - IDEAUIKit (from `../MINIWING-PODs/IDEAUIKit`)
  - IDEAUIVendor (from `../MINIWING-PODs/IDEAUIVendor`)
  - MaterialComponents/ActivityIndicator
  - MaterialComponents/AppBar
  - MaterialComponents/Palettes
  - Reveal-SDK (~> 24)
  - RTRootNavigationController
  - UIKitExtension
  - YYKit (from `../MINIWING-PODs/YYKit`)

SPEC REPOS:
  trunk:
    - cdebug
    - FMDB
    - FoundationExtension
    - libwebp
    - MaterialComponents
    - MDFInternationalization
    - MDFTextAccessibility
    - MotionAnimator
    - MotionInterchange
    - Reveal-SDK
    - RTRootNavigationController
    - SimplePing
    - UIKitExtension

EXTERNAL SOURCES:
  APPDATA:
    :path: APPDATA
  APPDEBUG:
    :path: APPDEBUG
  IDEAApplet:
    :path: "../MINIWING-PODs/Idea.Applets"
  IDEAAppletDebugger:
    :path: "../MINIWING-PODs/Idea.Applets"
  IDEAColor:
    :path: "../MINIWING-PODs/IDEAColor"
  IDEAKit:
    :path: "../MINIWING-PODs/IDEAKit"
  IDEANightVersion:
    :path: "../MINIWING-PODs/IDEANightVersion"
  IDEAPalettes:
    :path: "../MINIWING-PODs/IDEAPalettes"
  IDEAPing:
    :path: "../MINIWING-PODs/IDEAPing"
  IDEARoute:
    :path: "../MINIWING-PODs/IDEARoute"
  IDEATabBarControllerTransition:
    :path: "../MINIWING-PODs/IDEATabBarControllerTransition"
  IDEAUIKit:
    :path: "../MINIWING-PODs/IDEAUIKit"
  IDEAUIVendor:
    :path: "../MINIWING-PODs/IDEAUIVendor"
  YYKit:
    :path: "../MINIWING-PODs/YYKit"

SPEC CHECKSUMS:
  APPDATA: 010aa79f565d1dafc6877a29c62ca9e977dd4ed6
  APPDEBUG: 037b3424ff5c5f664871141462d568daf90bd85d
  cdebug: 0d0b7207fa996236ee9e07e5988e5e39a1d94a28
  FMDB: 2ce00b547f966261cd18927a3ddb07cb6f3db82a
  FoundationExtension: 56c1c923c9a3bc69c5a5ac08c47c8f2f57b06288
  IDEAApplet: 93258f22dc2cd2f2bf808d66a026b99b87220e02
  IDEAAppletDebugger: 5b32989be60377f9b05ea9908457ffb2df3d0868
  IDEAColor: 692183dcefa3073c88e32cad1fab31653959ad75
  IDEAKit: 66a51aa06a10f8dd88002d85c9cec3a392217be7
  IDEANightVersion: c01e088c7b55d6cc6bd53515d43f38b87a501db4
  IDEAPalettes: 0a528b3cbe13d5cf8533df7a3ce72cdf6ca589c5
  IDEAPing: e85c8af76f37a278457a6905c8a5df7a2a979887
  IDEARoute: 8ad9d1af05972b5b5899a8fb9a441ea519a18d57
  IDEATabBarControllerTransition: e71cbcb4938ef949251c775a3738593333b20f76
  IDEAUIKit: 60f2c3fd54cfe2c52e361454070a95ee064cd352
  IDEAUIVendor: 6ed2442cdb8d90d81616c53e4e91edcb3a241321
  libwebp: e90b9c01d99205d03b6bb8f2c8c415e5a4ef66f0
  MaterialComponents: 1a9b2d9d45b1601ae544de85089adc4c464306d4
  MDFInternationalization: 010097556d6b09d2c4ea38e0820ea6d37be6a314
  MDFTextAccessibility: f4bb4cc2194286651b59a215fdeaa0e05dc90ba5
  MotionAnimator: 5f99d7c9592928c0f28a66283eda9c3b657dc480
  MotionInterchange: 13adae439b377e31d1674cc165539d50e1d1566a
  Reveal-SDK: 5d7e56b8f018c0a88b3a2c10bf68d598bbd3b071
  RTRootNavigationController: 36c6301870f0467f89d69f4286795340b537d473
  SimplePing: 4b3bdd3c779a77953809b75b9c8b3fff10586f14
  UIKitExtension: 0bd97dd39413c5d88d0aaccd631e90e4879af704
  YYKit: b06504a19266eb18ece70e1872d6ca91978f4fc0

PODFILE CHECKSUM: 44545e13ce505e5c10fd763b083918e34f691566

COCOAPODS: 1.10.1
