PODS:
  - AFNetworking (4.0.1):
    - AFNetworking/NSURLSession (= 4.0.1)
    - AFNetworking/Reachability (= 4.0.1)
    - AFNetworking/Security (= 4.0.1)
    - AFNetworking/Serialization (= 4.0.1)
    - AFNetworking/UIKit (= 4.0.1)
  - AFNetworking/NSURLSession (4.0.1):
    - AFNetworking/Reachability
    - AFNetworking/Security
    - AFNetworking/Serialization
  - AFNetworking/Reachability (4.0.1)
  - AFNetworking/Security (4.0.1)
  - AFNetworking/Serialization (4.0.1)
  - AFNetworking/UIKit (4.0.1):
    - AFNetworking/NSURLSession
  - APPDATA (1.0.0):
    - YYKit
  - APPDEBUG (1.0.0):
    - YYKit
  - cdebug (1.3)
  - FMDB (2.7.5):
    - FMDB/standard (= 2.7.5)
  - FMDB/standard (2.7.5)
  - FoundationExtension (2.1.0):
    - cdebug (~> 1.3)
    - FoundationExtension/FoundationExtension (= 2.1.0)
    - FoundationExtension/FoundationExtensionRC (= 2.1.0)
  - FoundationExtension/FoundationExtension (2.1.0):
    - cdebug (~> 1.3)
    - FoundationExtension/FoundationExtensionRC
  - FoundationExtension/FoundationExtensionRC (2.1.0):
    - cdebug (~> 1.3)
  - GCDWebServer (3.5.4):
    - GCDWebServer/Core (= 3.5.4)
  - GCDWebServer/Core (3.5.4)
  - GCDWebServer/WebDAV (3.5.4):
    - GCDWebServer/Core
  - GCDWebServer/WebUploader (3.5.4):
    - GCDWebServer/Core
  - IDEAApplet (1.0.1):
    - IDEAApplet/applet-framework (= 1.0.1)
  - IDEAApplet/applet-framework (1.0.1):
    - IDEAApplet/applet-framework/samurai-config (= 1.0.1)
    - IDEAApplet/applet-framework/samurai-core (= 1.0.1)
    - IDEAApplet/applet-framework/samurai-event (= 1.0.1)
    - IDEAApplet/applet-framework/samurai-model (= 1.0.1)
    - IDEAApplet/applet-framework/samurai-route (= 1.0.1)
    - IDEAApplet/applet-framework/samurai-service (= 1.0.1)
    - IDEAApplet/applet-framework/samurai-view (= 1.0.1)
    - IDEAApplet/applet-framework/vendor (= 1.0.1)
  - IDEAApplet/applet-framework/samurai-config (1.0.1)
  - IDEAApplet/applet-framework/samurai-core (1.0.1):
    - IDEAApplet/applet-framework/samurai-core/extension (= 1.0.1)
    - IDEAApplet/applet-framework/samurai-core/modules (= 1.0.1)
  - IDEAApplet/applet-framework/samurai-core/extension (1.0.1)
  - IDEAApplet/applet-framework/samurai-core/modules (1.0.1)
  - IDEAApplet/applet-framework/samurai-event (1.0.1):
    - IDEAApplet/applet-framework/samurai-event/modules (= 1.0.1)
  - IDEAApplet/applet-framework/samurai-event/modules (1.0.1)
  - IDEAApplet/applet-framework/samurai-model (1.0.1):
    - IDEAApplet/applet-framework/samurai-model/extension (= 1.0.1)
    - IDEAApplet/applet-framework/samurai-model/modules (= 1.0.1)
  - IDEAApplet/applet-framework/samurai-model/extension (1.0.1)
  - IDEAApplet/applet-framework/samurai-model/modules (1.0.1)
  - IDEAApplet/applet-framework/samurai-route (1.0.1)
  - IDEAApplet/applet-framework/samurai-service (1.0.1):
    - IDEAApplet/applet-framework/samurai-service/modules (= 1.0.1)
  - IDEAApplet/applet-framework/samurai-service/modules (1.0.1):
    - IDEAApplet/applet-framework/samurai-service/modules/docker (= 1.0.1)
    - IDEAApplet/applet-framework/samurai-service/modules/service (= 1.0.1)
  - IDEAApplet/applet-framework/samurai-service/modules/docker (1.0.1)
  - IDEAApplet/applet-framework/samurai-service/modules/service (1.0.1)
  - IDEAApplet/applet-framework/samurai-view (1.0.1):
    - IDEAApplet/applet-framework/samurai-view/extension (= 1.0.1)
    - IDEAApplet/applet-framework/samurai-view/modules (= 1.0.1)
  - IDEAApplet/applet-framework/samurai-view/extension (1.0.1)
  - IDEAApplet/applet-framework/samurai-view/modules (1.0.1):
    - IDEAApplet/applet-framework/samurai-view/modules/view-component (= 1.0.1)
    - IDEAApplet/applet-framework/samurai-view/modules/view-controller (= 1.0.1)
    - IDEAApplet/applet-framework/samurai-view/modules/view-core (= 1.0.1)
    - IDEAApplet/applet-framework/samurai-view/modules/view-event (= 1.0.1)
    - IDEAApplet/applet-framework/samurai-view/modules/view-utility (= 1.0.1)
  - IDEAApplet/applet-framework/samurai-view/modules/view-component (1.0.1)
  - IDEAApplet/applet-framework/samurai-view/modules/view-controller (1.0.1)
  - IDEAApplet/applet-framework/samurai-view/modules/view-core (1.0.1)
  - IDEAApplet/applet-framework/samurai-view/modules/view-event (1.0.1)
  - IDEAApplet/applet-framework/samurai-view/modules/view-utility (1.0.1)
  - IDEAApplet/applet-framework/vendor (1.0.1):
    - IDEAApplet/applet-framework/vendor/fishhook (= 1.0.1)
  - IDEAApplet/applet-framework/vendor/fishhook (1.0.1)
  - IDEAAppletDebugger (1.0.0):
    - AFNetworking
    - FMDB
    - GCDWebServer
    - GCDWebServer/WebDAV
    - GCDWebServer/WebUploader
    - IDEAApplet
    - IDEAAppletDebugger/ServiceBorder (= 1.0.0)
    - IDEAAppletDebugger/ServiceConsole (= 1.0.0)
    - IDEAAppletDebugger/ServiceFileSync (= 1.0.0)
    - IDEAAppletDebugger/ServiceGesture (= 1.0.0)
    - IDEAAppletDebugger/ServiceGrids (= 1.0.0)
    - IDEAAppletDebugger/ServiceInspector (= 1.0.0)
    - IDEAAppletDebugger/ServiceMonitor (= 1.0.0)
    - IDEAAppletDebugger/ServiceTapspot (= 1.0.0)
    - IDEAAppletDebugger/ServiceTheme (= 1.0.0)
    - IDEAAppletDebugger/ServiceWiFi (= 1.0.0)
    - IDEANightVersion
  - IDEAAppletDebugger/ServiceBorder (1.0.0):
    - AFNetworking
    - FMDB
    - GCDWebServer
    - GCDWebServer/WebDAV
    - GCDWebServer/WebUploader
    - IDEAApplet
    - IDEANightVersion
  - IDEAAppletDebugger/ServiceConsole (1.0.0):
    - AFNetworking
    - FMDB
    - GCDWebServer
    - GCDWebServer/WebDAV
    - GCDWebServer/WebUploader
    - IDEAApplet
    - IDEANightVersion
  - IDEAAppletDebugger/ServiceFileSync (1.0.0):
    - AFNetworking
    - FMDB
    - GCDWebServer
    - GCDWebServer/WebDAV
    - GCDWebServer/WebUploader
    - IDEAApplet
    - IDEANightVersion
  - IDEAAppletDebugger/ServiceGesture (1.0.0):
    - AFNetworking
    - FMDB
    - GCDWebServer
    - GCDWebServer/WebDAV
    - GCDWebServer/WebUploader
    - IDEAApplet
    - IDEANightVersion
  - IDEAAppletDebugger/ServiceGrids (1.0.0):
    - AFNetworking
    - FMDB
    - GCDWebServer
    - GCDWebServer/WebDAV
    - GCDWebServer/WebUploader
    - IDEAApplet
    - IDEANightVersion
  - IDEAAppletDebugger/ServiceInspector (1.0.0):
    - AFNetworking
    - FMDB
    - GCDWebServer
    - GCDWebServer/WebDAV
    - GCDWebServer/WebUploader
    - IDEAApplet
    - IDEANightVersion
  - IDEAAppletDebugger/ServiceMonitor (1.0.0):
    - AFNetworking
    - FMDB
    - GCDWebServer
    - GCDWebServer/WebDAV
    - GCDWebServer/WebUploader
    - IDEAApplet
    - IDEAAppletDebugger/ServiceMonitor/JBChartView (= 1.0.0)
    - IDEANightVersion
  - IDEAAppletDebugger/ServiceMonitor/JBChartView (1.0.0):
    - AFNetworking
    - FMDB
    - GCDWebServer
    - GCDWebServer/WebDAV
    - GCDWebServer/WebUploader
    - IDEAApplet
    - IDEANightVersion
  - IDEAAppletDebugger/ServiceTapspot (1.0.0):
    - AFNetworking
    - FMDB
    - GCDWebServer
    - GCDWebServer/WebDAV
    - GCDWebServer/WebUploader
    - IDEAApplet
    - IDEANightVersion
  - IDEAAppletDebugger/ServiceTheme (1.0.0):
    - AFNetworking
    - FMDB
    - GCDWebServer
    - GCDWebServer/WebDAV
    - GCDWebServer/WebUploader
    - IDEAApplet
    - IDEANightVersion
  - IDEAAppletDebugger/ServiceWiFi (1.0.0):
    - AFNetworking
    - FMDB
    - GCDWebServer
    - GCDWebServer/WebDAV
    - GCDWebServer/WebUploader
    - IDEAApplet
    - IDEANightVersion
  - IDEAColor (1.0.0):
    - IDEANightVersion
  - IDEAFONT (1.0.0):
    - IDEAFONT/Core (= 1.0.0)
    - IDEAFONT/HY (= 1.0.0)
    - IDEAFONT/Zekton (= 1.0.0)
  - IDEAFONT/Core (1.0.0)
  - IDEAFONT/HY (1.0.0):
    - IDEAFONT/Core
  - IDEAFONT/Zekton (1.0.0):
    - IDEAFONT/Core
  - IDEAKit (1.0.1):
    - FoundationExtension
    - YYKit
  - IDEANightVersion (2.4.3)
  - IDEAPalettes (2.1)
  - IDEARoute (1.0.7)
  - IDEATabBarControllerTransition (1.0.0):
    - RTRootNavigationController
    - YYKit
  - IDEAUIKit (1.0.1):
    - FoundationExtension
    - IDEAColor
    - IDEAKit
    - IDEANightVersion
    - RTRootNavigationController
    - UIKitExtension
    - YYKit
  - IDEAUIVendor (1.0.0):
    - FoundationExtension
    - IDEAColor
    - IDEAKit
    - IDEANightVersion
    - IDEAUIKit
    - RTRootNavigationController
    - UIKitExtension
  - libwebp (1.2.0):
    - libwebp/demux (= 1.2.0)
    - libwebp/mux (= 1.2.0)
    - libwebp/webp (= 1.2.0)
  - libwebp/demux (1.2.0):
    - libwebp/webp
  - libwebp/mux (1.2.0):
    - libwebp/demux
  - libwebp/webp (1.2.0)
  - MaterialComponents/ActivityIndicator (124.2.0):
    - MaterialComponents/Palettes
    - MaterialComponents/private/Application
    - MDFInternationalization
    - MotionAnimator (~> 4.0)
  - MaterialComponents/AnimationTiming (124.2.0)
  - MaterialComponents/AppBar (124.2.0):
    - MaterialComponents/FlexibleHeader
    - MaterialComponents/HeaderStackView
    - MaterialComponents/NavigationBar
    - MaterialComponents/private/Application
    - MaterialComponents/private/Icons/ic_arrow_back
    - MaterialComponents/private/UIMetrics
    - MaterialComponents/ShadowElevations
    - MaterialComponents/ShadowLayer
    - MaterialComponents/Typography
    - MDFInternationalization
  - MaterialComponents/Availability (124.2.0)
  - MaterialComponents/ButtonBar (124.2.0):
    - MaterialComponents/Buttons
    - MaterialComponents/private/Application
    - MDFInternationalization
  - MaterialComponents/Buttons (124.2.0):
    - MaterialComponents/Elevation
    - MaterialComponents/Ink
    - MaterialComponents/private/Math
    - MaterialComponents/Ripple
    - MaterialComponents/Shadow
    - MaterialComponents/ShadowElevations
    - MaterialComponents/ShadowLayer
    - MaterialComponents/ShapeLibrary
    - MaterialComponents/Shapes
    - MaterialComponents/Typography
    - MDFInternationalization
    - MDFTextAccessibility
  - MaterialComponents/Elevation (124.2.0):
    - MaterialComponents/Availability
    - MaterialComponents/private/Color
    - MaterialComponents/private/Math
  - MaterialComponents/FlexibleHeader (124.2.0):
    - MaterialComponents/Availability
    - MaterialComponents/Elevation
    - "MaterialComponents/FlexibleHeader+ShiftBehavior"
    - "MaterialComponents/FlexibleHeader+ShiftBehaviorEnabledWithStatusBar"
    - MaterialComponents/private/Application
    - MaterialComponents/private/Math
    - MaterialComponents/private/UIMetrics
    - MaterialComponents/ShadowElevations
    - MaterialComponents/ShadowLayer
    - MDFTextAccessibility
  - "MaterialComponents/FlexibleHeader+ShiftBehavior (124.2.0)"
  - "MaterialComponents/FlexibleHeader+ShiftBehaviorEnabledWithStatusBar (124.2.0)":
    - "MaterialComponents/FlexibleHeader+ShiftBehavior"
  - MaterialComponents/HeaderStackView (124.2.0)
  - MaterialComponents/Ink (124.2.0):
    - MaterialComponents/Availability
    - MaterialComponents/private/Color
    - MaterialComponents/private/Math
  - MaterialComponents/NavigationBar (124.2.0):
    - MaterialComponents/ButtonBar
    - MaterialComponents/Elevation
    - MaterialComponents/private/Math
    - MaterialComponents/Typography
    - MDFInternationalization
    - MDFTextAccessibility
  - MaterialComponents/Palettes (124.2.0)
  - MaterialComponents/private/Application (124.2.0)
  - MaterialComponents/private/Color (124.2.0):
    - MaterialComponents/Availability
  - MaterialComponents/private/Icons/Base (124.2.0)
  - MaterialComponents/private/Icons/ic_arrow_back (124.2.0):
    - MaterialComponents/private/Icons/Base
  - MaterialComponents/private/Math (124.2.0)
  - MaterialComponents/private/UIMetrics (124.2.0):
    - MaterialComponents/private/Application
  - MaterialComponents/Ripple (124.2.0):
    - MaterialComponents/AnimationTiming
    - MaterialComponents/Availability
    - MaterialComponents/private/Color
    - MaterialComponents/private/Math
  - MaterialComponents/Shadow (124.2.0):
    - MaterialComponents/Availability
  - MaterialComponents/ShadowElevations (124.2.0)
  - MaterialComponents/ShadowLayer (124.2.0):
    - MaterialComponents/ShadowElevations
  - MaterialComponents/ShapeLibrary (124.2.0):
    - MaterialComponents/private/Math
    - MaterialComponents/Shapes
  - MaterialComponents/Shapes (124.2.0):
    - MaterialComponents/private/Color
    - MaterialComponents/private/Math
    - MaterialComponents/ShadowLayer
  - MaterialComponents/Typography (124.2.0):
    - MaterialComponents/private/Application
    - MaterialComponents/private/Math
    - MDFTextAccessibility
  - MDFInternationalization (2.0.0)
  - MDFTextAccessibility (2.0.1)
  - MotionAnimator (4.0.1):
    - MotionInterchange (~> 3.0)
  - MotionInterchange (3.0.0)
  - Reveal-SDK (24)
  - RTRootNavigationController (0.8.0):
    - RTRootNavigationController/Core (= 0.8.0)
  - RTRootNavigationController/Core (0.8.0)
  - UIKitExtension (2.1.0):
    - cdebug (~> 1.3)
    - FoundationExtension (~> 2.1.0)
  - YYKit (1.0.9-IDEA):
    - libwebp
    - YYKit/no-arc (= 1.0.9-IDEA)
  - YYKit/no-arc (1.0.9-IDEA):
    - libwebp

DEPENDENCIES:
  - APPDATA (from `APPDATA`)
  - APPDEBUG (from `APPDEBUG`)
  - FoundationExtension
  - IDEAApplet (from `../MINIWING-PODs/Idea.Applets`)
  - IDEAAppletDebugger (from `../MINIWING-PODs/Idea.Applets`)
  - IDEAColor (from `../MINIWING-PODs/IDEAColor`)
  - IDEAFONT (from `../MINIWING-PODs/IDEAFONT`)
  - IDEAKit (from `../MINIWING-PODs/IDEAKit`)
  - IDEANightVersion (from `../MINIWING-PODs/IDEANightVersion`)
  - IDEAPalettes (from `../MINIWING-PODs/IDEAPalettes`)
  - IDEARoute (from `../MINIWING-PODs/IDEARoute`)
  - IDEATabBarControllerTransition (from `../MINIWING-PODs/IDEATabBarControllerTransition`)
  - IDEAUIKit (from `../MINIWING-PODs/IDEAUIKit`)
  - IDEAUIVendor (from `../MINIWING-PODs/IDEAUIVendor`)
  - MaterialComponents/ActivityIndicator
  - MaterialComponents/AppBar
  - MaterialComponents/Palettes
  - Reveal-SDK (~> 24)
  - RTRootNavigationController
  - UIKitExtension
  - YYKit (from `../MINIWING-PODs/YYKit`)

SPEC REPOS:
  trunk:
    - AFNetworking
    - cdebug
    - FMDB
    - FoundationExtension
    - GCDWebServer
    - libwebp
    - MaterialComponents
    - MDFInternationalization
    - MDFTextAccessibility
    - MotionAnimator
    - MotionInterchange
    - Reveal-SDK
    - RTRootNavigationController
    - UIKitExtension

EXTERNAL SOURCES:
  APPDATA:
    :path: APPDATA
  APPDEBUG:
    :path: APPDEBUG
  IDEAApplet:
    :path: "../MINIWING-PODs/Idea.Applets"
  IDEAAppletDebugger:
    :path: "../MINIWING-PODs/Idea.Applets"
  IDEAColor:
    :path: "../MINIWING-PODs/IDEAColor"
  IDEAFONT:
    :path: "../MINIWING-PODs/IDEAFONT"
  IDEAKit:
    :path: "../MINIWING-PODs/IDEAKit"
  IDEANightVersion:
    :path: "../MINIWING-PODs/IDEANightVersion"
  IDEAPalettes:
    :path: "../MINIWING-PODs/IDEAPalettes"
  IDEARoute:
    :path: "../MINIWING-PODs/IDEARoute"
  IDEATabBarControllerTransition:
    :path: "../MINIWING-PODs/IDEATabBarControllerTransition"
  IDEAUIKit:
    :path: "../MINIWING-PODs/IDEAUIKit"
  IDEAUIVendor:
    :path: "../MINIWING-PODs/IDEAUIVendor"
  YYKit:
    :path: "../MINIWING-PODs/YYKit"

SPEC CHECKSUMS:
  AFNetworking: 7864c38297c79aaca1500c33288e429c3451fdce
  APPDATA: abb27d7f2a8a971f965ed98afb3ae8d09202e157
  APPDEBUG: f26dee7f05e4b6c8177c5440460fad4a04423393
  cdebug: 0d0b7207fa996236ee9e07e5988e5e39a1d94a28
  FMDB: 2ce00b547f966261cd18927a3ddb07cb6f3db82a
  FoundationExtension: 56c1c923c9a3bc69c5a5ac08c47c8f2f57b06288
  GCDWebServer: 2c156a56c8226e2d5c0c3f208a3621ccffbe3ce4
  IDEAApplet: 4dad95f82fd9d00478a9285d67ecf504fcd53244
  IDEAAppletDebugger: 85a8847cb857f5413c5583791035efee26b03a8b
  IDEAColor: 2d8f07ae48cb83e6d8dbafe4f152d76bb0bad5e9
  IDEAFONT: d02bc4ffd9db722e95ba76cbc8389c91a95d530c
  IDEAKit: bff802347b672b93494f3da425dec873d6f09d67
  IDEANightVersion: 2462ddab6f09bd7c7a7b346cec8dc3eafaad96c0
  IDEAPalettes: 21c238c32f383ae46ee8b3b3f30052076989a8b2
  IDEARoute: 472c165bb85973c0a2f42d36376c455c621406bb
  IDEATabBarControllerTransition: 2ebe0fd83430fb1d0173fef9038305c925f7dd92
  IDEAUIKit: 121255ce9e5af6dd5c1afd0bcfc3952d7a0c7a46
  IDEAUIVendor: 1d5bfc377dc446089b2ced63926a7908cd7b1983
  libwebp: e90b9c01d99205d03b6bb8f2c8c415e5a4ef66f0
  MaterialComponents: 1a9b2d9d45b1601ae544de85089adc4c464306d4
  MDFInternationalization: 010097556d6b09d2c4ea38e0820ea6d37be6a314
  MDFTextAccessibility: f4bb4cc2194286651b59a215fdeaa0e05dc90ba5
  MotionAnimator: 5f99d7c9592928c0f28a66283eda9c3b657dc480
  MotionInterchange: 13adae439b377e31d1674cc165539d50e1d1566a
  Reveal-SDK: 5d7e56b8f018c0a88b3a2c10bf68d598bbd3b071
  RTRootNavigationController: 36c6301870f0467f89d69f4286795340b537d473
  UIKitExtension: 0bd97dd39413c5d88d0aaccd631e90e4879af704
  YYKit: 4034528106db7708b42917cccb76a77e4c24a9f1

PODFILE CHECKSUM: 81e40026530473d3daddd7f5533d2ea80fea3d94

COCOAPODS: 1.10.1
