// !$*UTF8*$!
{
	archiveVersion = 1;
	classes = {
	};
	objectVersion = 54;
	objects = {

/* Begin PBXBuildFile section */
		4A0E4DBF268584C100A85517 /* RootViewController.m in Sources */ = {isa = PBXBuildFile; fileRef = 4A0E4DB9268584C100A85517 /* RootViewController.m */; };
		4A0E4DC0268584C100A85517 /* APPDelegate.m in Sources */ = {isa = PBXBuildFile; fileRef = 4A0E4DBD268584C100A85517 /* APPDelegate.m */; };
		4A0E4DC1268584C100A85517 /* SplashViewController.m in Sources */ = {isa = PBXBuildFile; fileRef = 4A0E4DBE268584C100A85517 /* SplashViewController.m */; };
		4A0E4DED268585C500A85517 /* ICON.xcassets in Resources */ = {isa = PBXBuildFile; fileRef = 4A0E4DE9268585C400A85517 /* ICON.xcassets */; };
		4A0E4DEF268585C500A85517 /* main.m in Sources */ = {isa = PBXBuildFile; fileRef = 4A0E4DEC268585C500A85517 /* main.m */; };
		4A0E4DF8268585CF00A85517 /* LAUNCH.storyboard in Resources */ = {isa = PBXBuildFile; fileRef = 4A0E4DF3268585CE00A85517 /* LAUNCH.storyboard */; };
		4A0E4DF9268585CF00A85517 /* SPLASH.storyboard in Resources */ = {isa = PBXBuildFile; fileRef = 4A0E4DF5268585CE00A85517 /* SPLASH.storyboard */; };
		4A1B847C2715B5EE008710F6 /* libc++.tbd in Frameworks */ = {isa = PBXBuildFile; fileRef = 4A1B847B2715B5EE008710F6 /* libc++.tbd */; };
		4A25F19426AED9A10075BE73 /* FleetingWidgetController.m in Sources */ = {isa = PBXBuildFile; fileRef = 4A25F19326AED9A10075BE73 /* FleetingWidgetController.m */; };
		4A25F19726AED9A10075BE73 /* FLEETING.storyboard in Resources */ = {isa = PBXBuildFile; fileRef = 4A25F19526AED9A10075BE73 /* FLEETING.storyboard */; };
		4A25F19B26AED9A10075BE73 /* FleetingWidget.appex in Embed App Extensions */ = {isa = PBXBuildFile; fileRef = 4A25F18F26AED9A10075BE73 /* FleetingWidget.appex */; settings = {ATTRIBUTES = (RemoveHeadersOnCopy, ); }; };
		4A26DBD3292DD6BE005B10E7 /* Localizable.strings in Resources */ = {isa = PBXBuildFile; fileRef = 4A26DBD1292DD6BE005B10E7 /* Localizable.strings */; };
		4A26DBEC292DDB6F005B10E7 /* Assets.xcassets in Resources */ = {isa = PBXBuildFile; fileRef = 4A26DBEB292DDB6F005B10E7 /* Assets.xcassets */; };
		4A26DC14292DDD66005B10E7 /* MONITOR.storyboard in Resources */ = {isa = PBXBuildFile; fileRef = 4A26DC0E292DDD65005B10E7 /* MONITOR.storyboard */; };
		4A26DC15292DDD66005B10E7 /* InfoPlist.strings in Resources */ = {isa = PBXBuildFile; fileRef = 4A26DC10292DDD65005B10E7 /* InfoPlist.strings */; };
		4A26DC16292DDD66005B10E7 /* Localizable.strings in Resources */ = {isa = PBXBuildFile; fileRef = 4A26DC12292DDD65005B10E7 /* Localizable.strings */; };
		4A26DC43292DDDFC005B10E7 /* MonitorWidgetController+Debug.m in Sources */ = {isa = PBXBuildFile; fileRef = 4A26DC37292DDDF8005B10E7 /* MonitorWidgetController+Debug.m */; };
		4A26DC44292DDDFC005B10E7 /* MonitorWidgetController+Action.m in Sources */ = {isa = PBXBuildFile; fileRef = 4A26DC38292DDDF8005B10E7 /* MonitorWidgetController+Action.m */; };
		4A26DC45292DDDFC005B10E7 /* MonitorWidgetController.m in Sources */ = {isa = PBXBuildFile; fileRef = 4A26DC39292DDDF8005B10E7 /* MonitorWidgetController.m */; };
		4A26DC46292DDDFC005B10E7 /* MonitorWidgetController+Inner.m in Sources */ = {isa = PBXBuildFile; fileRef = 4A26DC3B292DDDF9005B10E7 /* MonitorWidgetController+Inner.m */; };
		4A26DC47292DDDFC005B10E7 /* MonitorWidgetController+Theme.m in Sources */ = {isa = PBXBuildFile; fileRef = 4A26DC3C292DDDFA005B10E7 /* MonitorWidgetController+Theme.m */; };
		4A26DC48292DDDFC005B10E7 /* MonitorWidgetController+Notification.m in Sources */ = {isa = PBXBuildFile; fileRef = 4A26DC40292DDDFB005B10E7 /* MonitorWidgetController+Notification.m */; };
		4A26DC49292DDDFC005B10E7 /* MonitorWidgetController+Signal.m in Sources */ = {isa = PBXBuildFile; fileRef = 4A26DC42292DDDFC005B10E7 /* MonitorWidgetController+Signal.m */; };
		4A303578290EA6D80019FA8C /* StartUp.m in Sources */ = {isa = PBXBuildFile; fileRef = 4A303574290EA6D80019FA8C /* StartUp.m */; };
		4A303579290EA6D80019FA8C /* ServiceManager.m in Sources */ = {isa = PBXBuildFile; fileRef = 4A303577290EA6D80019FA8C /* ServiceManager.m */; };
		4A303902290ECEAB0019FA8C /* RootViewController+Inner.m in Sources */ = {isa = PBXBuildFile; fileRef = 4A303900290ECEAB0019FA8C /* RootViewController+Inner.m */; };
		4A30393D290ED0DE0019FA8C /* RootViewController+Theme.m in Sources */ = {isa = PBXBuildFile; fileRef = 4A30393B290ED0DD0019FA8C /* RootViewController+Theme.m */; };
		4A37178B291029D800E7E86D /* APPDelegate+Notification.m in Sources */ = {isa = PBXBuildFile; fileRef = 4A37178A291029D800E7E86D /* APPDelegate+Notification.m */; };
		4A4A003C26AEEA95000D4708 /* FleetingWidgetController+Theme.m in Sources */ = {isa = PBXBuildFile; fileRef = 4A4A003B26AEEA95000D4708 /* FleetingWidgetController+Theme.m */; };
		4A4A003F26AEEB02000D4708 /* FleetingWidgetController+Inner.m in Sources */ = {isa = PBXBuildFile; fileRef = 4A4A003E26AEEB02000D4708 /* FleetingWidgetController+Inner.m */; };
		4A4A004326AEEE55000D4708 /* OneYear.m in Sources */ = {isa = PBXBuildFile; fileRef = 4A4A004226AEEE55000D4708 /* OneYear.m */; };
		4A4A004626AEF55A000D4708 /* OneYear+Inner.m in Sources */ = {isa = PBXBuildFile; fileRef = 4A4A004526AEF55A000D4708 /* OneYear+Inner.m */; };
		4A4A004926AEFDD4000D4708 /* InfoPlist.strings in Resources */ = {isa = PBXBuildFile; fileRef = 4A4A004726AEFDD4000D4708 /* InfoPlist.strings */; };
		4A4A004D26AEFFA7000D4708 /* Localizable.strings in Resources */ = {isa = PBXBuildFile; fileRef = 4A4A004B26AEFFA7000D4708 /* Localizable.strings */; };
		4A4D0A6526AC0F56008A30E0 /* TodayWidgetController.m in Sources */ = {isa = PBXBuildFile; fileRef = 4A4D0A6426AC0F56008A30E0 /* TodayWidgetController.m */; };
		4A4D0A6826AC0F56008A30E0 /* TODAY.storyboard in Resources */ = {isa = PBXBuildFile; fileRef = 4A4D0A6626AC0F56008A30E0 /* TODAY.storyboard */; };
		4A4D0A6C26AC0F56008A30E0 /* TodayWidget.appex in Embed App Extensions */ = {isa = PBXBuildFile; fileRef = 4A4D0A6026AC0F56008A30E0 /* TodayWidget.appex */; settings = {ATTRIBUTES = (RemoveHeadersOnCopy, ); }; };
		4A6C2155291C261C005417F8 /* APPDelegate+ADs.m in Sources */ = {isa = PBXBuildFile; fileRef = 4A6C2154291C261C005417F8 /* APPDelegate+ADs.m */; };
		4A842C8026AC1C0B005DC131 /* InfoPlist.strings in Resources */ = {isa = PBXBuildFile; fileRef = 4A842C7E26AC1C0B005DC131 /* InfoPlist.strings */; };
		4A86020B292F56950026F199 /* NotificationCenter.framework in Frameworks */ = {isa = PBXBuildFile; fileRef = 4A421C0526AC0CC200935235 /* NotificationCenter.framework */; };
		4A86020C292F569B0026F199 /* NotificationCenter.framework in Frameworks */ = {isa = PBXBuildFile; fileRef = 4A421C0526AC0CC200935235 /* NotificationCenter.framework */; };
		4A86020E292F56A20026F199 /* UserNotifications.framework in Frameworks */ = {isa = PBXBuildFile; fileRef = 4A86020D292F56A20026F199 /* UserNotifications.framework */; };
		4A99B5B926B5910D006F479F /* APPDelegate+Inner.m in Sources */ = {isa = PBXBuildFile; fileRef = 4A5D98EB26A47B1200E00610 /* APPDelegate+Inner.m */; };
		4AAF697826B58E1300E68E32 /* APPDelegate+Signal.m in Sources */ = {isa = PBXBuildFile; fileRef = 4AAF697726B58E1300E68E32 /* APPDelegate+Signal.m */; };
		4AE51B942685C4DA00DC1DA2 /* SPONSOR.png in Resources */ = {isa = PBXBuildFile; fileRef = 4AE51B932685C4DA00DC1DA2 /* SPONSOR.png */; };
		4AE51B962685C7C500DC1DA2 /* IMAGEs.xcassets in Resources */ = {isa = PBXBuildFile; fileRef = 4AE51B952685C7C500DC1DA2 /* IMAGEs.xcassets */; };
		4AE51B9B2685CD3400DC1DA2 /* InfoPlist.strings in Resources */ = {isa = PBXBuildFile; fileRef = 4AE51B972685CD3400DC1DA2 /* InfoPlist.strings */; };
		4AE51B9C2685CD3400DC1DA2 /* Localizable.strings in Resources */ = {isa = PBXBuildFile; fileRef = 4AE51B992685CD3400DC1DA2 /* Localizable.strings */; };
		4AE51B9F2685CDFB00DC1DA2 /* MAIN.storyboard in Resources */ = {isa = PBXBuildFile; fileRef = 4AE51B9D2685CDFB00DC1DA2 /* MAIN.storyboard */; };
		4AF440AF26AC42310008C169 /* TodayWidgetController+Inner.m in Sources */ = {isa = PBXBuildFile; fileRef = 4AF440AE26AC42310008C169 /* TodayWidgetController+Inner.m */; };
		4AF440E726AC447B0008C169 /* TodayWidgetContentController+Theme.m in Sources */ = {isa = PBXBuildFile; fileRef = 4AF440DB26AC447A0008C169 /* TodayWidgetContentController+Theme.m */; };
		4AF440E826AC447B0008C169 /* TodayWidgetContentController.m in Sources */ = {isa = PBXBuildFile; fileRef = 4AF440DC26AC447B0008C169 /* TodayWidgetContentController.m */; };
		4AF440E926AC447B0008C169 /* TodayWidgetContentController+Debug.m in Sources */ = {isa = PBXBuildFile; fileRef = 4AF440DF26AC447B0008C169 /* TodayWidgetContentController+Debug.m */; };
		4AF440EA26AC447B0008C169 /* TodayWidgetContentController+Notification.m in Sources */ = {isa = PBXBuildFile; fileRef = 4AF440E326AC447B0008C169 /* TodayWidgetContentController+Notification.m */; };
		4AF440EB26AC447B0008C169 /* TodayWidgetContentController+Signal.m in Sources */ = {isa = PBXBuildFile; fileRef = 4AF440E426AC447B0008C169 /* TodayWidgetContentController+Signal.m */; };
		4AF440EC26AC447B0008C169 /* TodayWidgetContentController+Inner.m in Sources */ = {isa = PBXBuildFile; fileRef = 4AF440E626AC447B0008C169 /* TodayWidgetContentController+Inner.m */; };
		4AF440EF26AC44B00008C169 /* TodayWidgetController+Theme.m in Sources */ = {isa = PBXBuildFile; fileRef = 4AF440EE26AC44B00008C169 /* TodayWidgetController+Theme.m */; };
		4AF4411826AC4D4A0008C169 /* TodayWidgetCell.m in Sources */ = {isa = PBXBuildFile; fileRef = 4AF4410D26AC4D4A0008C169 /* TodayWidgetCell.m */; };
		4AF4411926AC4D4A0008C169 /* TodayWidgetCell+Signal.m in Sources */ = {isa = PBXBuildFile; fileRef = 4AF4410E26AC4D4A0008C169 /* TodayWidgetCell+Signal.m */; };
		4AF4411A26AC4D4A0008C169 /* TodayWidgetCell+Debug.m in Sources */ = {isa = PBXBuildFile; fileRef = 4AF4411026AC4D4A0008C169 /* TodayWidgetCell+Debug.m */; };
		4AF4411B26AC4D4A0008C169 /* TodayWidgetCell+Inner.m in Sources */ = {isa = PBXBuildFile; fileRef = 4AF4411126AC4D4A0008C169 /* TodayWidgetCell+Inner.m */; };
		4AF4411C26AC4D4A0008C169 /* TodayWidgetCell+Notification.m in Sources */ = {isa = PBXBuildFile; fileRef = 4AF4411426AC4D4A0008C169 /* TodayWidgetCell+Notification.m */; };
		4AF4411D26AC4D4A0008C169 /* TodayWidgetCell+Theme.m in Sources */ = {isa = PBXBuildFile; fileRef = 4AF4411626AC4D4A0008C169 /* TodayWidgetCell+Theme.m */; };
		4AF4411F26AC536F0008C169 /* IMAGEs.xcassets in Resources */ = {isa = PBXBuildFile; fileRef = 4AE51B952685C7C500DC1DA2 /* IMAGEs.xcassets */; };
		4AF4412726AC8C060008C169 /* BOTTOM.png in Resources */ = {isa = PBXBuildFile; fileRef = 4AF4412526AC8C040008C169 /* BOTTOM.png */; };
		4AF4412926AC8C060008C169 /* LAUNCH.png in Resources */ = {isa = PBXBuildFile; fileRef = 4AF4412626AC8C050008C169 /* LAUNCH.png */; };
		815C0DBBA74EFBF9C423C8A8 /* Pods_FleetingWidget.framework in Frameworks */ = {isa = PBXBuildFile; fileRef = 0D8B0BD48B836CB754FE9B49 /* Pods_FleetingWidget.framework */; };
		85DAB33CDD1EE68A7D38CEDB /* Pods_TodayWidget.framework in Frameworks */ = {isa = PBXBuildFile; fileRef = 5D6903DDDE192856FDB4D240 /* Pods_TodayWidget.framework */; };
		FB35C9C714F36F7F54630E47 /* Pods_NetworkArch.framework in Frameworks */ = {isa = PBXBuildFile; fileRef = D6B5B2CA0F8572B993F026A9 /* Pods_NetworkArch.framework */; };
/* End PBXBuildFile section */

/* Begin PBXContainerItemProxy section */
		4A25F19926AED9A10075BE73 /* PBXContainerItemProxy */ = {
			isa = PBXContainerItemProxy;
			containerPortal = 4A98A62E2684B50F00EEEB60 /* Project object */;
			proxyType = 1;
			remoteGlobalIDString = 4A25F18E26AED9A10075BE73;
			remoteInfo = FleetingWidget;
		};
		4A4D0A6A26AC0F56008A30E0 /* PBXContainerItemProxy */ = {
			isa = PBXContainerItemProxy;
			containerPortal = 4A98A62E2684B50F00EEEB60 /* Project object */;
			proxyType = 1;
			remoteGlobalIDString = 4A4D0A5F26AC0F56008A30E0;
			remoteInfo = TodayWidget;
		};
/* End PBXContainerItemProxy section */

/* Begin PBXCopyFilesBuildPhase section */
		4A421C1526AC0CC200935235 /* Embed App Extensions */ = {
			isa = PBXCopyFilesBuildPhase;
			buildActionMask = 2147483647;
			dstPath = "";
			dstSubfolderSpec = 13;
			files = (
				4A25F19B26AED9A10075BE73 /* FleetingWidget.appex in Embed App Extensions */,
				4A4D0A6C26AC0F56008A30E0 /* TodayWidget.appex in Embed App Extensions */,
			);
			name = "Embed App Extensions";
			runOnlyForDeploymentPostprocessing = 0;
		};
		4ACD588726AFB4AF009B1424 /* Embed App Clips */ = {
			isa = PBXCopyFilesBuildPhase;
			buildActionMask = 2147483647;
			dstPath = "$(CONTENTS_FOLDER_PATH)/AppClips";
			dstSubfolderSpec = 16;
			files = (
			);
			name = "Embed App Clips";
			runOnlyForDeploymentPostprocessing = 0;
		};
/* End PBXCopyFilesBuildPhase section */

/* Begin PBXFileReference section */
		0D8B0BD48B836CB754FE9B49 /* Pods_FleetingWidget.framework */ = {isa = PBXFileReference; explicitFileType = wrapper.framework; includeInIndex = 0; path = Pods_FleetingWidget.framework; sourceTree = BUILT_PRODUCTS_DIR; };
		4A0E4DB9268584C100A85517 /* RootViewController.m */ = {isa = PBXFileReference; fileEncoding = 4; lastKnownFileType = sourcecode.c.objc; path = RootViewController.m; sourceTree = "<group>"; };
		4A0E4DBA268584C100A85517 /* SplashViewController.h */ = {isa = PBXFileReference; fileEncoding = 4; lastKnownFileType = sourcecode.c.h; path = SplashViewController.h; sourceTree = "<group>"; };
		4A0E4DBB268584C100A85517 /* RootViewController.h */ = {isa = PBXFileReference; fileEncoding = 4; lastKnownFileType = sourcecode.c.h; path = RootViewController.h; sourceTree = "<group>"; };
		4A0E4DBC268584C100A85517 /* APPDelegate.h */ = {isa = PBXFileReference; fileEncoding = 4; lastKnownFileType = sourcecode.c.h; path = APPDelegate.h; sourceTree = "<group>"; };
		4A0E4DBD268584C100A85517 /* APPDelegate.m */ = {isa = PBXFileReference; fileEncoding = 4; lastKnownFileType = sourcecode.c.objc; path = APPDelegate.m; sourceTree = "<group>"; };
		4A0E4DBE268584C100A85517 /* SplashViewController.m */ = {isa = PBXFileReference; fileEncoding = 4; lastKnownFileType = sourcecode.c.objc; path = SplashViewController.m; sourceTree = "<group>"; };
		4A0E4DE9268585C400A85517 /* ICON.xcassets */ = {isa = PBXFileReference; lastKnownFileType = folder.assetcatalog; path = ICON.xcassets; sourceTree = "<group>"; };
		4A0E4DEA268585C400A85517 /* Prefix.pch */ = {isa = PBXFileReference; fileEncoding = 4; lastKnownFileType = sourcecode.c.h; path = Prefix.pch; sourceTree = "<group>"; };
		4A0E4DEB268585C400A85517 /* Info.plist */ = {isa = PBXFileReference; fileEncoding = 4; lastKnownFileType = text.plist.xml; path = Info.plist; sourceTree = "<group>"; };
		4A0E4DEC268585C500A85517 /* main.m */ = {isa = PBXFileReference; fileEncoding = 4; lastKnownFileType = sourcecode.c.objc; path = main.m; sourceTree = "<group>"; };
		4A0E4DF4268585CE00A85517 /* Base */ = {isa = PBXFileReference; lastKnownFileType = file.storyboard; name = Base; path = Base.lproj/LAUNCH.storyboard; sourceTree = "<group>"; };
		4A0E4DF6268585CE00A85517 /* Base */ = {isa = PBXFileReference; lastKnownFileType = file.storyboard; name = Base; path = Base.lproj/SPLASH.storyboard; sourceTree = "<group>"; };
		4A0E4E50268588E300A85517 /* APPDelegate+Inner.h */ = {isa = PBXFileReference; lastKnownFileType = sourcecode.c.h; path = "APPDelegate+Inner.h"; sourceTree = "<group>"; };
		4A1B847B2715B5EE008710F6 /* libc++.tbd */ = {isa = PBXFileReference; lastKnownFileType = "sourcecode.text-based-dylib-definition"; name = "libc++.tbd"; path = "usr/lib/libc++.tbd"; sourceTree = SDKROOT; };
		4A25F18F26AED9A10075BE73 /* FleetingWidget.appex */ = {isa = PBXFileReference; explicitFileType = "wrapper.app-extension"; includeInIndex = 0; path = FleetingWidget.appex; sourceTree = BUILT_PRODUCTS_DIR; };
		4A25F19226AED9A10075BE73 /* FleetingWidgetController.h */ = {isa = PBXFileReference; lastKnownFileType = sourcecode.c.h; path = FleetingWidgetController.h; sourceTree = "<group>"; };
		4A25F19326AED9A10075BE73 /* FleetingWidgetController.m */ = {isa = PBXFileReference; lastKnownFileType = sourcecode.c.objc; path = FleetingWidgetController.m; sourceTree = "<group>"; };
		4A25F19626AED9A10075BE73 /* Base */ = {isa = PBXFileReference; lastKnownFileType = file.storyboard; name = Base; path = Base.lproj/FLEETING.storyboard; sourceTree = "<group>"; };
		4A25F19826AED9A10075BE73 /* Info.plist */ = {isa = PBXFileReference; lastKnownFileType = text.plist.xml; path = Info.plist; sourceTree = "<group>"; };
		4A26DBD2292DD6BE005B10E7 /* Base */ = {isa = PBXFileReference; lastKnownFileType = text.plist.strings; name = Base; path = Base.lproj/Localizable.strings; sourceTree = "<group>"; };
		4A26DBD7292DD6C5005B10E7 /* en */ = {isa = PBXFileReference; lastKnownFileType = text.plist.strings; name = en; path = en.lproj/Localizable.strings; sourceTree = "<group>"; };
		4A26DBD8292DD6C8005B10E7 /* zh-Hans */ = {isa = PBXFileReference; lastKnownFileType = text.plist.strings; name = "zh-Hans"; path = "zh-Hans.lproj/Localizable.strings"; sourceTree = "<group>"; };
		4A26DBE3292DDB6B005B10E7 /* MonitorWidget.appex */ = {isa = PBXFileReference; explicitFileType = "wrapper.app-extension"; includeInIndex = 0; path = MonitorWidget.appex; sourceTree = BUILT_PRODUCTS_DIR; };
		4A26DBE4292DDB6B005B10E7 /* WidgetKit.framework */ = {isa = PBXFileReference; lastKnownFileType = wrapper.framework; name = WidgetKit.framework; path = System/Library/Frameworks/WidgetKit.framework; sourceTree = SDKROOT; };
		4A26DBE6292DDB6B005B10E7 /* SwiftUI.framework */ = {isa = PBXFileReference; lastKnownFileType = wrapper.framework; name = SwiftUI.framework; path = System/Library/Frameworks/SwiftUI.framework; sourceTree = SDKROOT; };
		4A26DBEB292DDB6F005B10E7 /* Assets.xcassets */ = {isa = PBXFileReference; lastKnownFileType = folder.assetcatalog; path = Assets.xcassets; sourceTree = "<group>"; };
		4A26DBED292DDB6F005B10E7 /* Info.plist */ = {isa = PBXFileReference; lastKnownFileType = text.plist.xml; path = Info.plist; sourceTree = "<group>"; };
		4A26DBFC292DDBC5005B10E7 /* MonitorWidget.entitlements */ = {isa = PBXFileReference; lastKnownFileType = text.plist.entitlements; path = MonitorWidget.entitlements; sourceTree = "<group>"; };
		4A26DC0F292DDD65005B10E7 /* Base */ = {isa = PBXFileReference; lastKnownFileType = file.storyboard; name = Base; path = Base.lproj/MONITOR.storyboard; sourceTree = "<group>"; };
		4A26DC11292DDD65005B10E7 /* Base */ = {isa = PBXFileReference; lastKnownFileType = text.plist.strings; name = Base; path = Base.lproj/InfoPlist.strings; sourceTree = "<group>"; };
		4A26DC13292DDD65005B10E7 /* Base */ = {isa = PBXFileReference; lastKnownFileType = text.plist.strings; name = Base; path = Base.lproj/Localizable.strings; sourceTree = "<group>"; };
		4A26DC35292DDDF7005B10E7 /* MonitorWidgetController+Signal.h */ = {isa = PBXFileReference; fileEncoding = 4; lastKnownFileType = sourcecode.c.h; path = "MonitorWidgetController+Signal.h"; sourceTree = "<group>"; };
		4A26DC36292DDDF7005B10E7 /* MonitorWidgetController.h */ = {isa = PBXFileReference; fileEncoding = 4; lastKnownFileType = sourcecode.c.h; path = MonitorWidgetController.h; sourceTree = "<group>"; };
		4A26DC37292DDDF8005B10E7 /* MonitorWidgetController+Debug.m */ = {isa = PBXFileReference; fileEncoding = 4; lastKnownFileType = sourcecode.c.objc; path = "MonitorWidgetController+Debug.m"; sourceTree = "<group>"; };
		4A26DC38292DDDF8005B10E7 /* MonitorWidgetController+Action.m */ = {isa = PBXFileReference; fileEncoding = 4; lastKnownFileType = sourcecode.c.objc; path = "MonitorWidgetController+Action.m"; sourceTree = "<group>"; };
		4A26DC39292DDDF8005B10E7 /* MonitorWidgetController.m */ = {isa = PBXFileReference; fileEncoding = 4; lastKnownFileType = sourcecode.c.objc; path = MonitorWidgetController.m; sourceTree = "<group>"; };
		4A26DC3A292DDDF9005B10E7 /* MonitorWidgetController+Theme.h */ = {isa = PBXFileReference; fileEncoding = 4; lastKnownFileType = sourcecode.c.h; path = "MonitorWidgetController+Theme.h"; sourceTree = "<group>"; };
		4A26DC3B292DDDF9005B10E7 /* MonitorWidgetController+Inner.m */ = {isa = PBXFileReference; fileEncoding = 4; lastKnownFileType = sourcecode.c.objc; path = "MonitorWidgetController+Inner.m"; sourceTree = "<group>"; };
		4A26DC3C292DDDFA005B10E7 /* MonitorWidgetController+Theme.m */ = {isa = PBXFileReference; fileEncoding = 4; lastKnownFileType = sourcecode.c.objc; path = "MonitorWidgetController+Theme.m"; sourceTree = "<group>"; };
		4A26DC3D292DDDFA005B10E7 /* MonitorWidgetController+Action.h */ = {isa = PBXFileReference; fileEncoding = 4; lastKnownFileType = sourcecode.c.h; path = "MonitorWidgetController+Action.h"; sourceTree = "<group>"; };
		4A26DC3E292DDDFA005B10E7 /* MonitorWidgetController+Debug.h */ = {isa = PBXFileReference; fileEncoding = 4; lastKnownFileType = sourcecode.c.h; path = "MonitorWidgetController+Debug.h"; sourceTree = "<group>"; };
		4A26DC3F292DDDFB005B10E7 /* MonitorWidgetController+Inner.h */ = {isa = PBXFileReference; fileEncoding = 4; lastKnownFileType = sourcecode.c.h; path = "MonitorWidgetController+Inner.h"; sourceTree = "<group>"; };
		4A26DC40292DDDFB005B10E7 /* MonitorWidgetController+Notification.m */ = {isa = PBXFileReference; fileEncoding = 4; lastKnownFileType = sourcecode.c.objc; path = "MonitorWidgetController+Notification.m"; sourceTree = "<group>"; };
		4A26DC41292DDDFC005B10E7 /* MonitorWidgetController+Notification.h */ = {isa = PBXFileReference; fileEncoding = 4; lastKnownFileType = sourcecode.c.h; path = "MonitorWidgetController+Notification.h"; sourceTree = "<group>"; };
		4A26DC42292DDDFC005B10E7 /* MonitorWidgetController+Signal.m */ = {isa = PBXFileReference; fileEncoding = 4; lastKnownFileType = sourcecode.c.objc; path = "MonitorWidgetController+Signal.m"; sourceTree = "<group>"; };
		4A26DC4E292DDF27005B10E7 /* Prefix.pch */ = {isa = PBXFileReference; fileEncoding = 4; lastKnownFileType = sourcecode.c.h; path = Prefix.pch; sourceTree = "<group>"; };
		4A26DD09292DE50B005B10E7 /* en */ = {isa = PBXFileReference; lastKnownFileType = text.plist.strings; name = en; path = en.lproj/InfoPlist.strings; sourceTree = "<group>"; };
		4A26DD0A292DE50D005B10E7 /* zh-Hans */ = {isa = PBXFileReference; lastKnownFileType = text.plist.strings; name = "zh-Hans"; path = "zh-Hans.lproj/InfoPlist.strings"; sourceTree = "<group>"; };
		4A26DD6D292E11A0005B10E7 /* en */ = {isa = PBXFileReference; lastKnownFileType = text.plist.strings; name = en; path = en.lproj/Localizable.strings; sourceTree = "<group>"; };
		4A26DD6E292E11AA005B10E7 /* zh-Hans */ = {isa = PBXFileReference; lastKnownFileType = text.plist.strings; name = "zh-Hans"; path = "zh-Hans.lproj/Localizable.strings"; sourceTree = "<group>"; };
		4A2E05DF26D3EFE4000A3354 /* zh-Hans */ = {isa = PBXFileReference; lastKnownFileType = text.plist.strings; name = "zh-Hans"; path = "zh-Hans.lproj/InfoPlist.strings"; sourceTree = "<group>"; };
		4A2E05E026D3EFF0000A3354 /* zh-Hans */ = {isa = PBXFileReference; lastKnownFileType = text.plist.strings; name = "zh-Hans"; path = "zh-Hans.lproj/InfoPlist.strings"; sourceTree = "<group>"; };
		4A303573290EA6D80019FA8C /* StartUp.h */ = {isa = PBXFileReference; fileEncoding = 4; lastKnownFileType = sourcecode.c.h; path = StartUp.h; sourceTree = "<group>"; };
		4A303574290EA6D80019FA8C /* StartUp.m */ = {isa = PBXFileReference; fileEncoding = 4; lastKnownFileType = sourcecode.c.objc; path = StartUp.m; sourceTree = "<group>"; };
		4A303576290EA6D80019FA8C /* ServiceManager.h */ = {isa = PBXFileReference; fileEncoding = 4; lastKnownFileType = sourcecode.c.h; path = ServiceManager.h; sourceTree = "<group>"; };
		4A303577290EA6D80019FA8C /* ServiceManager.m */ = {isa = PBXFileReference; fileEncoding = 4; lastKnownFileType = sourcecode.c.objc; path = ServiceManager.m; sourceTree = "<group>"; };
		4A303900290ECEAB0019FA8C /* RootViewController+Inner.m */ = {isa = PBXFileReference; fileEncoding = 4; lastKnownFileType = sourcecode.c.objc; path = "RootViewController+Inner.m"; sourceTree = "<group>"; };
		4A303901290ECEAB0019FA8C /* RootViewController+Inner.h */ = {isa = PBXFileReference; fileEncoding = 4; lastKnownFileType = sourcecode.c.h; path = "RootViewController+Inner.h"; sourceTree = "<group>"; };
		4A30393B290ED0DD0019FA8C /* RootViewController+Theme.m */ = {isa = PBXFileReference; fileEncoding = 4; lastKnownFileType = sourcecode.c.objc; path = "RootViewController+Theme.m"; sourceTree = "<group>"; };
		4A30393C290ED0DE0019FA8C /* RootViewController+Theme.h */ = {isa = PBXFileReference; fileEncoding = 4; lastKnownFileType = sourcecode.c.h; path = "RootViewController+Theme.h"; sourceTree = "<group>"; };
		4A371789291029D800E7E86D /* APPDelegate+Notification.h */ = {isa = PBXFileReference; lastKnownFileType = sourcecode.c.h; path = "APPDelegate+Notification.h"; sourceTree = "<group>"; };
		4A37178A291029D800E7E86D /* APPDelegate+Notification.m */ = {isa = PBXFileReference; lastKnownFileType = sourcecode.c.objc; path = "APPDelegate+Notification.m"; sourceTree = "<group>"; };
		4A421C0526AC0CC200935235 /* NotificationCenter.framework */ = {isa = PBXFileReference; lastKnownFileType = wrapper.framework; name = NotificationCenter.framework; path = System/Library/Frameworks/NotificationCenter.framework; sourceTree = SDKROOT; };
		4A482694292E831C00AEF551 /* en */ = {isa = PBXFileReference; lastKnownFileType = text.plist.strings; name = en; path = en.lproj/Localizable.strings; sourceTree = "<group>"; };
		4A482695292E831E00AEF551 /* zh-Hans */ = {isa = PBXFileReference; lastKnownFileType = text.plist.strings; name = "zh-Hans"; path = "zh-Hans.lproj/Localizable.strings"; sourceTree = "<group>"; };
		4A4A003926AEE906000D4708 /* Prefix.pch */ = {isa = PBXFileReference; fileEncoding = 4; lastKnownFileType = sourcecode.c.h; path = Prefix.pch; sourceTree = "<group>"; };
		4A4A003A26AEEA95000D4708 /* FleetingWidgetController+Theme.h */ = {isa = PBXFileReference; lastKnownFileType = sourcecode.c.h; path = "FleetingWidgetController+Theme.h"; sourceTree = "<group>"; };
		4A4A003B26AEEA95000D4708 /* FleetingWidgetController+Theme.m */ = {isa = PBXFileReference; lastKnownFileType = sourcecode.c.objc; path = "FleetingWidgetController+Theme.m"; sourceTree = "<group>"; };
		4A4A003D26AEEB02000D4708 /* FleetingWidgetController+Inner.h */ = {isa = PBXFileReference; lastKnownFileType = sourcecode.c.h; path = "FleetingWidgetController+Inner.h"; sourceTree = "<group>"; };
		4A4A003E26AEEB02000D4708 /* FleetingWidgetController+Inner.m */ = {isa = PBXFileReference; lastKnownFileType = sourcecode.c.objc; path = "FleetingWidgetController+Inner.m"; sourceTree = "<group>"; };
		4A4A004126AEEE55000D4708 /* OneYear.h */ = {isa = PBXFileReference; lastKnownFileType = sourcecode.c.h; path = OneYear.h; sourceTree = "<group>"; };
		4A4A004226AEEE55000D4708 /* OneYear.m */ = {isa = PBXFileReference; lastKnownFileType = sourcecode.c.objc; path = OneYear.m; sourceTree = "<group>"; };
		4A4A004426AEF55A000D4708 /* OneYear+Inner.h */ = {isa = PBXFileReference; lastKnownFileType = sourcecode.c.h; path = "OneYear+Inner.h"; sourceTree = "<group>"; };
		4A4A004526AEF55A000D4708 /* OneYear+Inner.m */ = {isa = PBXFileReference; lastKnownFileType = sourcecode.c.objc; path = "OneYear+Inner.m"; sourceTree = "<group>"; };
		4A4A004826AEFDD4000D4708 /* Base */ = {isa = PBXFileReference; lastKnownFileType = text.plist.strings; name = Base; path = Base.lproj/InfoPlist.strings; sourceTree = "<group>"; };
		4A4A004A26AEFE64000D4708 /* en */ = {isa = PBXFileReference; lastKnownFileType = text.plist.strings; name = en; path = en.lproj/InfoPlist.strings; sourceTree = "<group>"; };
		4A4A004C26AEFFA7000D4708 /* Base */ = {isa = PBXFileReference; lastKnownFileType = text.plist.strings; name = Base; path = Base.lproj/Localizable.strings; sourceTree = "<group>"; };
		4A4D0A6026AC0F56008A30E0 /* TodayWidget.appex */ = {isa = PBXFileReference; explicitFileType = "wrapper.app-extension"; includeInIndex = 0; path = TodayWidget.appex; sourceTree = BUILT_PRODUCTS_DIR; };
		4A4D0A6326AC0F56008A30E0 /* TodayWidgetController.h */ = {isa = PBXFileReference; lastKnownFileType = sourcecode.c.h; path = TodayWidgetController.h; sourceTree = "<group>"; };
		4A4D0A6426AC0F56008A30E0 /* TodayWidgetController.m */ = {isa = PBXFileReference; lastKnownFileType = sourcecode.c.objc; path = TodayWidgetController.m; sourceTree = "<group>"; };
		4A4D0A6726AC0F56008A30E0 /* Base */ = {isa = PBXFileReference; lastKnownFileType = file.storyboard; name = Base; path = Base.lproj/TODAY.storyboard; sourceTree = "<group>"; };
		4A4D0A6926AC0F56008A30E0 /* Info.plist */ = {isa = PBXFileReference; lastKnownFileType = text.plist.xml; path = Info.plist; sourceTree = "<group>"; };
		4A5D98EB26A47B1200E00610 /* APPDelegate+Inner.m */ = {isa = PBXFileReference; fileEncoding = 4; lastKnownFileType = sourcecode.c.objc; path = "APPDelegate+Inner.m"; sourceTree = "<group>"; };
		4A64D9CB26C41FDD00A9BBC0 /* libclang_rt.ios.a */ = {isa = PBXFileReference; lastKnownFileType = archive.ar; name = libclang_rt.ios.a; path = ../libs/libclang_rt.ios.a; sourceTree = "<group>"; };
		4A6C2153291C261C005417F8 /* APPDelegate+ADs.h */ = {isa = PBXFileReference; lastKnownFileType = sourcecode.c.h; path = "APPDelegate+ADs.h"; sourceTree = "<group>"; };
		4A6C2154291C261C005417F8 /* APPDelegate+ADs.m */ = {isa = PBXFileReference; lastKnownFileType = sourcecode.c.objc; path = "APPDelegate+ADs.m"; sourceTree = "<group>"; };
		4A76718526D375C900EC44B1 /* en */ = {isa = PBXFileReference; lastKnownFileType = text.plist.strings; name = en; path = en.lproj/InfoPlist.strings; sourceTree = "<group>"; };
		4A76718626D3764900EC44B1 /* zh-Hans */ = {isa = PBXFileReference; lastKnownFileType = text.plist.strings; name = "zh-Hans"; path = "zh-Hans.lproj/InfoPlist.strings"; sourceTree = "<group>"; };
		4A76718826D3765100EC44B1 /* en */ = {isa = PBXFileReference; lastKnownFileType = text.plist.strings; name = en; path = en.lproj/Localizable.strings; sourceTree = "<group>"; };
		4A76718926D3766200EC44B1 /* zh-Hans */ = {isa = PBXFileReference; lastKnownFileType = text.plist.strings; name = "zh-Hans"; path = "zh-Hans.lproj/Localizable.strings"; sourceTree = "<group>"; };
		4A842C7B26AC19D0005DC131 /* Prefix.pch */ = {isa = PBXFileReference; fileEncoding = 4; lastKnownFileType = sourcecode.c.h; path = Prefix.pch; sourceTree = "<group>"; };
		4A842C7F26AC1C0B005DC131 /* Base */ = {isa = PBXFileReference; lastKnownFileType = text.plist.strings; name = Base; path = Base.lproj/InfoPlist.strings; sourceTree = "<group>"; };
		4A86020D292F56A20026F199 /* UserNotifications.framework */ = {isa = PBXFileReference; lastKnownFileType = wrapper.framework; name = UserNotifications.framework; path = System/Library/Frameworks/UserNotifications.framework; sourceTree = SDKROOT; };
		4A8A192A268C535B003ECA69 /* NetworkArch.entitlements */ = {isa = PBXFileReference; lastKnownFileType = text.plist.entitlements; path = NetworkArch.entitlements; sourceTree = "<group>"; };
		4A98A6362684B50F00EEEB60 /* NetworkArch.app */ = {isa = PBXFileReference; explicitFileType = wrapper.application; includeInIndex = 0; path = NetworkArch.app; sourceTree = BUILT_PRODUCTS_DIR; };
		4AAF697626B58E1300E68E32 /* APPDelegate+Signal.h */ = {isa = PBXFileReference; lastKnownFileType = sourcecode.c.h; path = "APPDelegate+Signal.h"; sourceTree = "<group>"; };
		4AAF697726B58E1300E68E32 /* APPDelegate+Signal.m */ = {isa = PBXFileReference; lastKnownFileType = sourcecode.c.objc; path = "APPDelegate+Signal.m"; sourceTree = "<group>"; };
		4ACD588B26AFB67B009B1424 /* FleetingWidget.entitlements */ = {isa = PBXFileReference; lastKnownFileType = text.plist.entitlements; path = FleetingWidget.entitlements; sourceTree = "<group>"; };
		4AE51B932685C4DA00DC1DA2 /* SPONSOR.png */ = {isa = PBXFileReference; lastKnownFileType = image.png; path = SPONSOR.png; sourceTree = "<group>"; };
		4AE51B952685C7C500DC1DA2 /* IMAGEs.xcassets */ = {isa = PBXFileReference; lastKnownFileType = folder.assetcatalog; path = IMAGEs.xcassets; sourceTree = "<group>"; };
		4AE51B982685CD3400DC1DA2 /* Base */ = {isa = PBXFileReference; lastKnownFileType = text.plist.strings; name = Base; path = Base.lproj/InfoPlist.strings; sourceTree = "<group>"; };
		4AE51B9A2685CD3400DC1DA2 /* Base */ = {isa = PBXFileReference; lastKnownFileType = text.plist.strings; name = Base; path = Base.lproj/Localizable.strings; sourceTree = "<group>"; };
		4AE51B9E2685CDFB00DC1DA2 /* Base */ = {isa = PBXFileReference; lastKnownFileType = file.storyboard; name = Base; path = Base.lproj/MAIN.storyboard; sourceTree = "<group>"; };
		4AF440AD26AC42310008C169 /* TodayWidgetController+Inner.h */ = {isa = PBXFileReference; lastKnownFileType = sourcecode.c.h; path = "TodayWidgetController+Inner.h"; sourceTree = "<group>"; };
		4AF440AE26AC42310008C169 /* TodayWidgetController+Inner.m */ = {isa = PBXFileReference; lastKnownFileType = sourcecode.c.objc; path = "TodayWidgetController+Inner.m"; sourceTree = "<group>"; };
		4AF440DB26AC447A0008C169 /* TodayWidgetContentController+Theme.m */ = {isa = PBXFileReference; fileEncoding = 4; lastKnownFileType = sourcecode.c.objc; path = "TodayWidgetContentController+Theme.m"; sourceTree = "<group>"; };
		4AF440DC26AC447B0008C169 /* TodayWidgetContentController.m */ = {isa = PBXFileReference; fileEncoding = 4; lastKnownFileType = sourcecode.c.objc; path = TodayWidgetContentController.m; sourceTree = "<group>"; };
		4AF440DD26AC447B0008C169 /* TodayWidgetContentController+Notification.h */ = {isa = PBXFileReference; fileEncoding = 4; lastKnownFileType = sourcecode.c.h; path = "TodayWidgetContentController+Notification.h"; sourceTree = "<group>"; };
		4AF440DE26AC447B0008C169 /* TodayWidgetContentController+Debug.h */ = {isa = PBXFileReference; fileEncoding = 4; lastKnownFileType = sourcecode.c.h; path = "TodayWidgetContentController+Debug.h"; sourceTree = "<group>"; };
		4AF440DF26AC447B0008C169 /* TodayWidgetContentController+Debug.m */ = {isa = PBXFileReference; fileEncoding = 4; lastKnownFileType = sourcecode.c.objc; path = "TodayWidgetContentController+Debug.m"; sourceTree = "<group>"; };
		4AF440E026AC447B0008C169 /* TodayWidgetContentController+Theme.h */ = {isa = PBXFileReference; fileEncoding = 4; lastKnownFileType = sourcecode.c.h; path = "TodayWidgetContentController+Theme.h"; sourceTree = "<group>"; };
		4AF440E126AC447B0008C169 /* TodayWidgetContentController.h */ = {isa = PBXFileReference; fileEncoding = 4; lastKnownFileType = sourcecode.c.h; path = TodayWidgetContentController.h; sourceTree = "<group>"; };
		4AF440E226AC447B0008C169 /* TodayWidgetContentController+Signal.h */ = {isa = PBXFileReference; fileEncoding = 4; lastKnownFileType = sourcecode.c.h; path = "TodayWidgetContentController+Signal.h"; sourceTree = "<group>"; };
		4AF440E326AC447B0008C169 /* TodayWidgetContentController+Notification.m */ = {isa = PBXFileReference; fileEncoding = 4; lastKnownFileType = sourcecode.c.objc; path = "TodayWidgetContentController+Notification.m"; sourceTree = "<group>"; };
		4AF440E426AC447B0008C169 /* TodayWidgetContentController+Signal.m */ = {isa = PBXFileReference; fileEncoding = 4; lastKnownFileType = sourcecode.c.objc; path = "TodayWidgetContentController+Signal.m"; sourceTree = "<group>"; };
		4AF440E526AC447B0008C169 /* TodayWidgetContentController+Inner.h */ = {isa = PBXFileReference; fileEncoding = 4; lastKnownFileType = sourcecode.c.h; path = "TodayWidgetContentController+Inner.h"; sourceTree = "<group>"; };
		4AF440E626AC447B0008C169 /* TodayWidgetContentController+Inner.m */ = {isa = PBXFileReference; fileEncoding = 4; lastKnownFileType = sourcecode.c.objc; path = "TodayWidgetContentController+Inner.m"; sourceTree = "<group>"; };
		4AF440ED26AC44B00008C169 /* TodayWidgetController+Theme.h */ = {isa = PBXFileReference; lastKnownFileType = sourcecode.c.h; path = "TodayWidgetController+Theme.h"; sourceTree = "<group>"; };
		4AF440EE26AC44B00008C169 /* TodayWidgetController+Theme.m */ = {isa = PBXFileReference; lastKnownFileType = sourcecode.c.objc; path = "TodayWidgetController+Theme.m"; sourceTree = "<group>"; };
		4AF4410C26AC4D4A0008C169 /* TodayWidgetCell+Inner.h */ = {isa = PBXFileReference; fileEncoding = 4; lastKnownFileType = sourcecode.c.h; path = "TodayWidgetCell+Inner.h"; sourceTree = "<group>"; };
		4AF4410D26AC4D4A0008C169 /* TodayWidgetCell.m */ = {isa = PBXFileReference; fileEncoding = 4; lastKnownFileType = sourcecode.c.objc; path = TodayWidgetCell.m; sourceTree = "<group>"; };
		4AF4410E26AC4D4A0008C169 /* TodayWidgetCell+Signal.m */ = {isa = PBXFileReference; fileEncoding = 4; lastKnownFileType = sourcecode.c.objc; path = "TodayWidgetCell+Signal.m"; sourceTree = "<group>"; };
		4AF4410F26AC4D4A0008C169 /* TodayWidgetCell+Notification.h */ = {isa = PBXFileReference; fileEncoding = 4; lastKnownFileType = sourcecode.c.h; path = "TodayWidgetCell+Notification.h"; sourceTree = "<group>"; };
		4AF4411026AC4D4A0008C169 /* TodayWidgetCell+Debug.m */ = {isa = PBXFileReference; fileEncoding = 4; lastKnownFileType = sourcecode.c.objc; path = "TodayWidgetCell+Debug.m"; sourceTree = "<group>"; };
		4AF4411126AC4D4A0008C169 /* TodayWidgetCell+Inner.m */ = {isa = PBXFileReference; fileEncoding = 4; lastKnownFileType = sourcecode.c.objc; path = "TodayWidgetCell+Inner.m"; sourceTree = "<group>"; };
		4AF4411226AC4D4A0008C169 /* TodayWidgetCell+Debug.h */ = {isa = PBXFileReference; fileEncoding = 4; lastKnownFileType = sourcecode.c.h; path = "TodayWidgetCell+Debug.h"; sourceTree = "<group>"; };
		4AF4411326AC4D4A0008C169 /* TodayWidgetCell.h */ = {isa = PBXFileReference; fileEncoding = 4; lastKnownFileType = sourcecode.c.h; path = TodayWidgetCell.h; sourceTree = "<group>"; };
		4AF4411426AC4D4A0008C169 /* TodayWidgetCell+Notification.m */ = {isa = PBXFileReference; fileEncoding = 4; lastKnownFileType = sourcecode.c.objc; path = "TodayWidgetCell+Notification.m"; sourceTree = "<group>"; };
		4AF4411526AC4D4A0008C169 /* TodayWidgetCell+Theme.h */ = {isa = PBXFileReference; fileEncoding = 4; lastKnownFileType = sourcecode.c.h; path = "TodayWidgetCell+Theme.h"; sourceTree = "<group>"; };
		4AF4411626AC4D4A0008C169 /* TodayWidgetCell+Theme.m */ = {isa = PBXFileReference; fileEncoding = 4; lastKnownFileType = sourcecode.c.objc; path = "TodayWidgetCell+Theme.m"; sourceTree = "<group>"; };
		4AF4411726AC4D4A0008C169 /* TodayWidgetCell+Signal.h */ = {isa = PBXFileReference; fileEncoding = 4; lastKnownFileType = sourcecode.c.h; path = "TodayWidgetCell+Signal.h"; sourceTree = "<group>"; };
		4AF4412326AC5D440008C169 /* TodayWidget.entitlements */ = {isa = PBXFileReference; lastKnownFileType = text.plist.entitlements; path = TodayWidget.entitlements; sourceTree = "<group>"; };
		4AF4412426AC8AC90008C169 /* en */ = {isa = PBXFileReference; lastKnownFileType = text.plist.strings; name = en; path = en.lproj/InfoPlist.strings; sourceTree = "<group>"; };
		4AF4412526AC8C040008C169 /* BOTTOM.png */ = {isa = PBXFileReference; lastKnownFileType = image.png; path = BOTTOM.png; sourceTree = "<group>"; };
		4AF4412626AC8C050008C169 /* LAUNCH.png */ = {isa = PBXFileReference; lastKnownFileType = image.png; path = LAUNCH.png; sourceTree = "<group>"; };
		51094CFDD28FA237A0372EFB /* Pods-FleetingWidget.release.xcconfig */ = {isa = PBXFileReference; includeInIndex = 1; lastKnownFileType = text.xcconfig; name = "Pods-FleetingWidget.release.xcconfig"; path = "Target Support Files/Pods-FleetingWidget/Pods-FleetingWidget.release.xcconfig"; sourceTree = "<group>"; };
		5D6903DDDE192856FDB4D240 /* Pods_TodayWidget.framework */ = {isa = PBXFileReference; explicitFileType = wrapper.framework; includeInIndex = 0; path = Pods_TodayWidget.framework; sourceTree = BUILT_PRODUCTS_DIR; };
		63DF92DFFC64AB4198E20875 /* Pods-TodayWidget.release.xcconfig */ = {isa = PBXFileReference; includeInIndex = 1; lastKnownFileType = text.xcconfig; name = "Pods-TodayWidget.release.xcconfig"; path = "Target Support Files/Pods-TodayWidget/Pods-TodayWidget.release.xcconfig"; sourceTree = "<group>"; };
		65C6BCC4362D32238D7A8D58 /* Pods-APPBase.release.xcconfig */ = {isa = PBXFileReference; includeInIndex = 1; lastKnownFileType = text.xcconfig; name = "Pods-APPBase.release.xcconfig"; path = "Target Support Files/Pods-APPBase/Pods-APPBase.release.xcconfig"; sourceTree = "<group>"; };
		6B7C763236D1A5B8A55DC1C2 /* Pods-TodayWidget.debug.xcconfig */ = {isa = PBXFileReference; includeInIndex = 1; lastKnownFileType = text.xcconfig; name = "Pods-TodayWidget.debug.xcconfig"; path = "Target Support Files/Pods-TodayWidget/Pods-TodayWidget.debug.xcconfig"; sourceTree = "<group>"; };
		7F34AAABB40EF7A521F9987D /* libPods-APPBase.a */ = {isa = PBXFileReference; explicitFileType = archive.ar; includeInIndex = 0; path = "libPods-APPBase.a"; sourceTree = BUILT_PRODUCTS_DIR; };
		9427FC1B9FB3144B40E0E517 /* Pods-FleetingWidget.debug.xcconfig */ = {isa = PBXFileReference; includeInIndex = 1; lastKnownFileType = text.xcconfig; name = "Pods-FleetingWidget.debug.xcconfig"; path = "Target Support Files/Pods-FleetingWidget/Pods-FleetingWidget.debug.xcconfig"; sourceTree = "<group>"; };
		A90D912BF379DE28D323CFC9 /* Pods-APPBase.debug.xcconfig */ = {isa = PBXFileReference; includeInIndex = 1; lastKnownFileType = text.xcconfig; name = "Pods-APPBase.debug.xcconfig"; path = "Target Support Files/Pods-APPBase/Pods-APPBase.debug.xcconfig"; sourceTree = "<group>"; };
		C567634D22600ACDE499AF6E /* Pods-NetworkArch.release.xcconfig */ = {isa = PBXFileReference; includeInIndex = 1; lastKnownFileType = text.xcconfig; name = "Pods-NetworkArch.release.xcconfig"; path = "Target Support Files/Pods-NetworkArch/Pods-NetworkArch.release.xcconfig"; sourceTree = "<group>"; };
		CC7F3049F2B28E17A49195A2 /* Pods-NetworkArch.debug.xcconfig */ = {isa = PBXFileReference; includeInIndex = 1; lastKnownFileType = text.xcconfig; name = "Pods-NetworkArch.debug.xcconfig"; path = "Target Support Files/Pods-NetworkArch/Pods-NetworkArch.debug.xcconfig"; sourceTree = "<group>"; };
		D6B5B2CA0F8572B993F026A9 /* Pods_NetworkArch.framework */ = {isa = PBXFileReference; explicitFileType = wrapper.framework; includeInIndex = 0; path = Pods_NetworkArch.framework; sourceTree = BUILT_PRODUCTS_DIR; };
		E2BB361642C7C47D27E17358 /* Pods_TodayClip.framework */ = {isa = PBXFileReference; explicitFileType = wrapper.framework; includeInIndex = 0; path = Pods_TodayClip.framework; sourceTree = BUILT_PRODUCTS_DIR; };
/* End PBXFileReference section */

/* Begin PBXFrameworksBuildPhase section */
		4A25F18C26AED9A10075BE73 /* Frameworks */ = {
			isa = PBXFrameworksBuildPhase;
			buildActionMask = 2147483647;
			files = (
				4A86020B292F56950026F199 /* NotificationCenter.framework in Frameworks */,
				815C0DBBA74EFBF9C423C8A8 /* Pods_FleetingWidget.framework in Frameworks */,
			);
			runOnlyForDeploymentPostprocessing = 0;
		};
		4A26DBE0292DDB6B005B10E7 /* Frameworks */ = {
			isa = PBXFrameworksBuildPhase;
			buildActionMask = 2147483647;
			files = (
				4A86020E292F56A20026F199 /* UserNotifications.framework in Frameworks */,
			);
			runOnlyForDeploymentPostprocessing = 0;
		};
		4A4D0A5D26AC0F56008A30E0 /* Frameworks */ = {
			isa = PBXFrameworksBuildPhase;
			buildActionMask = 2147483647;
			files = (
				4A86020C292F569B0026F199 /* NotificationCenter.framework in Frameworks */,
				85DAB33CDD1EE68A7D38CEDB /* Pods_TodayWidget.framework in Frameworks */,
			);
			runOnlyForDeploymentPostprocessing = 0;
		};
		4A98A6332684B50F00EEEB60 /* Frameworks */ = {
			isa = PBXFrameworksBuildPhase;
			buildActionMask = 2147483647;
			files = (
				4A1B847C2715B5EE008710F6 /* libc++.tbd in Frameworks */,
				FB35C9C714F36F7F54630E47 /* Pods_NetworkArch.framework in Frameworks */,
			);
			runOnlyForDeploymentPostprocessing = 0;
		};
/* End PBXFrameworksBuildPhase section */

/* Begin PBXGroup section */
		4A0E4DE42685858000A85517 /* APP */ = {
			isa = PBXGroup;
			children = (
				4A0E4DBC268584C100A85517 /* APPDelegate.h */,
				4A0E4DBD268584C100A85517 /* APPDelegate.m */,
				4A6C2153291C261C005417F8 /* APPDelegate+ADs.h */,
				4A6C2154291C261C005417F8 /* APPDelegate+ADs.m */,
				4A0E4E50268588E300A85517 /* APPDelegate+Inner.h */,
				4A5D98EB26A47B1200E00610 /* APPDelegate+Inner.m */,
				4AAF697626B58E1300E68E32 /* APPDelegate+Signal.h */,
				4AAF697726B58E1300E68E32 /* APPDelegate+Signal.m */,
				4A371789291029D800E7E86D /* APPDelegate+Notification.h */,
				4A37178A291029D800E7E86D /* APPDelegate+Notification.m */,
				4A0E4DBB268584C100A85517 /* RootViewController.h */,
				4A0E4DB9268584C100A85517 /* RootViewController.m */,
				4A303901290ECEAB0019FA8C /* RootViewController+Inner.h */,
				4A303900290ECEAB0019FA8C /* RootViewController+Inner.m */,
				4A30393C290ED0DE0019FA8C /* RootViewController+Theme.h */,
				4A30393B290ED0DD0019FA8C /* RootViewController+Theme.m */,
				4A0E4DBA268584C100A85517 /* SplashViewController.h */,
				4A0E4DBE268584C100A85517 /* SplashViewController.m */,
				4A0E4DE7268585B800A85517 /* Supporting Files */,
			);
			path = APP;
			sourceTree = "<group>";
		};
		4A0E4DE7268585B800A85517 /* Supporting Files */ = {
			isa = PBXGroup;
			children = (
				4AF4412526AC8C040008C169 /* BOTTOM.png */,
				4AF4412626AC8C050008C169 /* LAUNCH.png */,
				4AE51B932685C4DA00DC1DA2 /* SPONSOR.png */,
				4A8A192A268C535B003ECA69 /* NetworkArch.entitlements */,
				4AE51B972685CD3400DC1DA2 /* InfoPlist.strings */,
				4AE51B992685CD3400DC1DA2 /* Localizable.strings */,
				4A0E4DEC268585C500A85517 /* main.m */,
				4A0E4DEA268585C400A85517 /* Prefix.pch */,
				4A0E4DEB268585C400A85517 /* Info.plist */,
				4A0E4DF3268585CE00A85517 /* LAUNCH.storyboard */,
				4A0E4DF5268585CE00A85517 /* SPLASH.storyboard */,
				4AE51B9D2685CDFB00DC1DA2 /* MAIN.storyboard */,
				4A0E4DE9268585C400A85517 /* ICON.xcassets */,
				4AE51B952685C7C500DC1DA2 /* IMAGEs.xcassets */,
			);
			name = "Supporting Files";
			sourceTree = "<group>";
		};
		4A25F19126AED9A10075BE73 /* FleetingWidget */ = {
			isa = PBXGroup;
			children = (
				4A4A004126AEEE55000D4708 /* OneYear.h */,
				4A4A004226AEEE55000D4708 /* OneYear.m */,
				4A4A004426AEF55A000D4708 /* OneYear+Inner.h */,
				4A4A004526AEF55A000D4708 /* OneYear+Inner.m */,
				4A25F19226AED9A10075BE73 /* FleetingWidgetController.h */,
				4A25F19326AED9A10075BE73 /* FleetingWidgetController.m */,
				4A4A003D26AEEB02000D4708 /* FleetingWidgetController+Inner.h */,
				4A4A003E26AEEB02000D4708 /* FleetingWidgetController+Inner.m */,
				4A4A003A26AEEA95000D4708 /* FleetingWidgetController+Theme.h */,
				4A4A003B26AEEA95000D4708 /* FleetingWidgetController+Theme.m */,
				4A4A004026AEEC17000D4708 /* Supporting Files */,
			);
			path = FleetingWidget;
			sourceTree = "<group>";
		};
		4A26DBE8292DDB6B005B10E7 /* MonitorWidget */ = {
			isa = PBXGroup;
			children = (
				4A26DC1B292DDDA6005B10E7 /* MonitorWidgetController */,
				4A26DC0D292DDCCC005B10E7 /* Supporting Files */,
			);
			path = MonitorWidget;
			sourceTree = "<group>";
		};
		4A26DC0D292DDCCC005B10E7 /* Supporting Files */ = {
			isa = PBXGroup;
			children = (
				4A26DC4E292DDF27005B10E7 /* Prefix.pch */,
				4A26DC10292DDD65005B10E7 /* InfoPlist.strings */,
				4A26DC12292DDD65005B10E7 /* Localizable.strings */,
				4A26DC0E292DDD65005B10E7 /* MONITOR.storyboard */,
				4A26DBFC292DDBC5005B10E7 /* MonitorWidget.entitlements */,
				4A26DBEB292DDB6F005B10E7 /* Assets.xcassets */,
				4A26DBED292DDB6F005B10E7 /* Info.plist */,
			);
			name = "Supporting Files";
			sourceTree = "<group>";
		};
		4A26DC1B292DDDA6005B10E7 /* MonitorWidgetController */ = {
			isa = PBXGroup;
			children = (
				4A26DC36292DDDF7005B10E7 /* MonitorWidgetController.h */,
				4A26DC39292DDDF8005B10E7 /* MonitorWidgetController.m */,
				4A26DC3D292DDDFA005B10E7 /* MonitorWidgetController+Action.h */,
				4A26DC38292DDDF8005B10E7 /* MonitorWidgetController+Action.m */,
				4A26DC3E292DDDFA005B10E7 /* MonitorWidgetController+Debug.h */,
				4A26DC37292DDDF8005B10E7 /* MonitorWidgetController+Debug.m */,
				4A26DC3F292DDDFB005B10E7 /* MonitorWidgetController+Inner.h */,
				4A26DC3B292DDDF9005B10E7 /* MonitorWidgetController+Inner.m */,
				4A26DC41292DDDFC005B10E7 /* MonitorWidgetController+Notification.h */,
				4A26DC40292DDDFB005B10E7 /* MonitorWidgetController+Notification.m */,
				4A26DC35292DDDF7005B10E7 /* MonitorWidgetController+Signal.h */,
				4A26DC42292DDDFC005B10E7 /* MonitorWidgetController+Signal.m */,
				4A26DC3A292DDDF9005B10E7 /* MonitorWidgetController+Theme.h */,
				4A26DC3C292DDDFA005B10E7 /* MonitorWidgetController+Theme.m */,
			);
			path = MonitorWidgetController;
			sourceTree = "<group>";
		};
		4A303572290EA6D80019FA8C /* StartUp */ = {
			isa = PBXGroup;
			children = (
				4A303573290EA6D80019FA8C /* StartUp.h */,
				4A303574290EA6D80019FA8C /* StartUp.m */,
			);
			name = StartUp;
			path = APP/StartUp;
			sourceTree = "<group>";
		};
		4A303575290EA6D80019FA8C /* ServiceManager */ = {
			isa = PBXGroup;
			children = (
				4A303576290EA6D80019FA8C /* ServiceManager.h */,
				4A303577290EA6D80019FA8C /* ServiceManager.m */,
			);
			name = ServiceManager;
			path = APP/ServiceManager;
			sourceTree = "<group>";
		};
		4A4A004026AEEC17000D4708 /* Supporting Files */ = {
			isa = PBXGroup;
			children = (
				4ACD588B26AFB67B009B1424 /* FleetingWidget.entitlements */,
				4A25F19526AED9A10075BE73 /* FLEETING.storyboard */,
				4A4A004B26AEFFA7000D4708 /* Localizable.strings */,
				4A4A004726AEFDD4000D4708 /* InfoPlist.strings */,
				4A25F19826AED9A10075BE73 /* Info.plist */,
				4A4A003926AEE906000D4708 /* Prefix.pch */,
			);
			name = "Supporting Files";
			sourceTree = "<group>";
		};
		4A4D0A6226AC0F56008A30E0 /* TodayWidget */ = {
			isa = PBXGroup;
			children = (
				4AF440F926AC4D0C0008C169 /* TodayWidgetCell */,
				4AF440DA26AC445D0008C169 /* TodayWidgetController */,
				4AF440B526AC43B00008C169 /* TodayWidgetContentController */,
				4A842C7D26AC1A1C005DC131 /* Supporting Files */,
			);
			path = TodayWidget;
			sourceTree = "<group>";
		};
		4A842C7D26AC1A1C005DC131 /* Supporting Files */ = {
			isa = PBXGroup;
			children = (
				4AF4412326AC5D440008C169 /* TodayWidget.entitlements */,
				4A4D0A6626AC0F56008A30E0 /* TODAY.storyboard */,
				4A26DBD1292DD6BE005B10E7 /* Localizable.strings */,
				4A842C7E26AC1C0B005DC131 /* InfoPlist.strings */,
				4A4D0A6926AC0F56008A30E0 /* Info.plist */,
				4A842C7B26AC19D0005DC131 /* Prefix.pch */,
			);
			name = "Supporting Files";
			sourceTree = "<group>";
		};
		4A98A62D2684B50F00EEEB60 = {
			isa = PBXGroup;
			children = (
				4A98A6382684B50F00EEEB60 /* Phone */,
				4A4D0A6226AC0F56008A30E0 /* TodayWidget */,
				4A25F19126AED9A10075BE73 /* FleetingWidget */,
				4A26DBE8292DDB6B005B10E7 /* MonitorWidget */,
				4A98A6372684B50F00EEEB60 /* Products */,
				5A073BE837F8A6FE5151B56D /* Pods */,
				BC9F1E42789CEDD6C11BF75C /* Frameworks */,
			);
			sourceTree = "<group>";
		};
		4A98A6372684B50F00EEEB60 /* Products */ = {
			isa = PBXGroup;
			children = (
				4A98A6362684B50F00EEEB60 /* NetworkArch.app */,
				4A4D0A6026AC0F56008A30E0 /* TodayWidget.appex */,
				4A25F18F26AED9A10075BE73 /* FleetingWidget.appex */,
				4A26DBE3292DDB6B005B10E7 /* MonitorWidget.appex */,
			);
			name = Products;
			sourceTree = "<group>";
		};
		4A98A6382684B50F00EEEB60 /* Phone */ = {
			isa = PBXGroup;
			children = (
				4A303575290EA6D80019FA8C /* ServiceManager */,
				4A303572290EA6D80019FA8C /* StartUp */,
				4A0E4DE42685858000A85517 /* APP */,
			);
			path = Phone;
			sourceTree = "<group>";
		};
		4AF440B526AC43B00008C169 /* TodayWidgetContentController */ = {
			isa = PBXGroup;
			children = (
				4AF440E126AC447B0008C169 /* TodayWidgetContentController.h */,
				4AF440DC26AC447B0008C169 /* TodayWidgetContentController.m */,
				4AF440DE26AC447B0008C169 /* TodayWidgetContentController+Debug.h */,
				4AF440DF26AC447B0008C169 /* TodayWidgetContentController+Debug.m */,
				4AF440E526AC447B0008C169 /* TodayWidgetContentController+Inner.h */,
				4AF440E626AC447B0008C169 /* TodayWidgetContentController+Inner.m */,
				4AF440DD26AC447B0008C169 /* TodayWidgetContentController+Notification.h */,
				4AF440E326AC447B0008C169 /* TodayWidgetContentController+Notification.m */,
				4AF440E226AC447B0008C169 /* TodayWidgetContentController+Signal.h */,
				4AF440E426AC447B0008C169 /* TodayWidgetContentController+Signal.m */,
				4AF440E026AC447B0008C169 /* TodayWidgetContentController+Theme.h */,
				4AF440DB26AC447A0008C169 /* TodayWidgetContentController+Theme.m */,
			);
			path = TodayWidgetContentController;
			sourceTree = "<group>";
		};
		4AF440DA26AC445D0008C169 /* TodayWidgetController */ = {
			isa = PBXGroup;
			children = (
				4A4D0A6326AC0F56008A30E0 /* TodayWidgetController.h */,
				4A4D0A6426AC0F56008A30E0 /* TodayWidgetController.m */,
				4AF440AD26AC42310008C169 /* TodayWidgetController+Inner.h */,
				4AF440AE26AC42310008C169 /* TodayWidgetController+Inner.m */,
				4AF440ED26AC44B00008C169 /* TodayWidgetController+Theme.h */,
				4AF440EE26AC44B00008C169 /* TodayWidgetController+Theme.m */,
			);
			path = TodayWidgetController;
			sourceTree = "<group>";
		};
		4AF440F926AC4D0C0008C169 /* TodayWidgetCell */ = {
			isa = PBXGroup;
			children = (
				4AF4411326AC4D4A0008C169 /* TodayWidgetCell.h */,
				4AF4410D26AC4D4A0008C169 /* TodayWidgetCell.m */,
				4AF4411226AC4D4A0008C169 /* TodayWidgetCell+Debug.h */,
				4AF4411026AC4D4A0008C169 /* TodayWidgetCell+Debug.m */,
				4AF4410C26AC4D4A0008C169 /* TodayWidgetCell+Inner.h */,
				4AF4411126AC4D4A0008C169 /* TodayWidgetCell+Inner.m */,
				4AF4410F26AC4D4A0008C169 /* TodayWidgetCell+Notification.h */,
				4AF4411426AC4D4A0008C169 /* TodayWidgetCell+Notification.m */,
				4AF4411726AC4D4A0008C169 /* TodayWidgetCell+Signal.h */,
				4AF4410E26AC4D4A0008C169 /* TodayWidgetCell+Signal.m */,
				4AF4411526AC4D4A0008C169 /* TodayWidgetCell+Theme.h */,
				4AF4411626AC4D4A0008C169 /* TodayWidgetCell+Theme.m */,
			);
			path = TodayWidgetCell;
			sourceTree = "<group>";
		};
		5A073BE837F8A6FE5151B56D /* Pods */ = {
			isa = PBXGroup;
			children = (
				CC7F3049F2B28E17A49195A2 /* Pods-NetworkArch.debug.xcconfig */,
				C567634D22600ACDE499AF6E /* Pods-NetworkArch.release.xcconfig */,
				A90D912BF379DE28D323CFC9 /* Pods-APPBase.debug.xcconfig */,
				65C6BCC4362D32238D7A8D58 /* Pods-APPBase.release.xcconfig */,
				6B7C763236D1A5B8A55DC1C2 /* Pods-TodayWidget.debug.xcconfig */,
				63DF92DFFC64AB4198E20875 /* Pods-TodayWidget.release.xcconfig */,
				9427FC1B9FB3144B40E0E517 /* Pods-FleetingWidget.debug.xcconfig */,
				51094CFDD28FA237A0372EFB /* Pods-FleetingWidget.release.xcconfig */,
			);
			name = Pods;
			path = ../Pods;
			sourceTree = "<group>";
		};
		BC9F1E42789CEDD6C11BF75C /* Frameworks */ = {
			isa = PBXGroup;
			children = (
				4A86020D292F56A20026F199 /* UserNotifications.framework */,
				4A1B847B2715B5EE008710F6 /* libc++.tbd */,
				4A64D9CB26C41FDD00A9BBC0 /* libclang_rt.ios.a */,
				4A421C0526AC0CC200935235 /* NotificationCenter.framework */,
				E2BB361642C7C47D27E17358 /* Pods_TodayClip.framework */,
				7F34AAABB40EF7A521F9987D /* libPods-APPBase.a */,
				0D8B0BD48B836CB754FE9B49 /* Pods_FleetingWidget.framework */,
				D6B5B2CA0F8572B993F026A9 /* Pods_NetworkArch.framework */,
				5D6903DDDE192856FDB4D240 /* Pods_TodayWidget.framework */,
				4A26DBE4292DDB6B005B10E7 /* WidgetKit.framework */,
				4A26DBE6292DDB6B005B10E7 /* SwiftUI.framework */,
			);
			name = Frameworks;
			sourceTree = "<group>";
		};
/* End PBXGroup section */

/* Begin PBXNativeTarget section */
		4A25F18E26AED9A10075BE73 /* FleetingWidget */ = {
			isa = PBXNativeTarget;
			buildConfigurationList = 4A25F19E26AED9A10075BE73 /* Build configuration list for PBXNativeTarget "FleetingWidget" */;
			buildPhases = (
				153E5A5450165EBBB075360C /* [CP] Check Pods Manifest.lock */,
				4A25F18B26AED9A10075BE73 /* Sources */,
				4A25F18C26AED9A10075BE73 /* Frameworks */,
				4A25F18D26AED9A10075BE73 /* Resources */,
				569509590C8BE250C72B3264 /* [CP] Copy Pods Resources */,
			);
			buildRules = (
			);
			dependencies = (
			);
			name = FleetingWidget;
			productName = FleetingWidget;
			productReference = 4A25F18F26AED9A10075BE73 /* FleetingWidget.appex */;
			productType = "com.apple.product-type.app-extension";
		};
		4A26DBE2292DDB6B005B10E7 /* MonitorWidget */ = {
			isa = PBXNativeTarget;
			buildConfigurationList = 4A26DBF1292DDB6F005B10E7 /* Build configuration list for PBXNativeTarget "MonitorWidget" */;
			buildPhases = (
				4A26DBDF292DDB6B005B10E7 /* Sources */,
				4A26DBE0292DDB6B005B10E7 /* Frameworks */,
				4A26DBE1292DDB6B005B10E7 /* Resources */,
			);
			buildRules = (
			);
			dependencies = (
			);
			name = MonitorWidget;
			productName = MonitorWidgetExtension;
			productReference = 4A26DBE3292DDB6B005B10E7 /* MonitorWidget.appex */;
			productType = "com.apple.product-type.app-extension";
		};
		4A4D0A5F26AC0F56008A30E0 /* TodayWidget */ = {
			isa = PBXNativeTarget;
			buildConfigurationList = 4A4D0A6D26AC0F56008A30E0 /* Build configuration list for PBXNativeTarget "TodayWidget" */;
			buildPhases = (
				01839CEFE314FEB858AB8022 /* [CP] Check Pods Manifest.lock */,
				4A4D0A5C26AC0F56008A30E0 /* Sources */,
				4A4D0A5D26AC0F56008A30E0 /* Frameworks */,
				4A4D0A5E26AC0F56008A30E0 /* Resources */,
				FFB1CBF80C930A36A690545F /* [CP] Copy Pods Resources */,
			);
			buildRules = (
			);
			dependencies = (
			);
			name = TodayWidget;
			productName = TodayWidget;
			productReference = 4A4D0A6026AC0F56008A30E0 /* TodayWidget.appex */;
			productType = "com.apple.product-type.app-extension";
		};
		4A98A6352684B50F00EEEB60 /* NetworkArch */ = {
			isa = PBXNativeTarget;
			buildConfigurationList = 4A98A64C2684B51100EEEB60 /* Build configuration list for PBXNativeTarget "NetworkArch" */;
			buildPhases = (
				7291B919E30B3AEFCDCB6FB7 /* [CP] Check Pods Manifest.lock */,
				4A98A6322684B50F00EEEB60 /* Sources */,
				4A98A6332684B50F00EEEB60 /* Frameworks */,
				4A98A6342684B50F00EEEB60 /* Resources */,
				40648E178ADB32282CCCEE06 /* [CP] Embed Pods Frameworks */,
				4A9D71C62685751300AFA3BB /* ShellScript */,
				4A421C1526AC0CC200935235 /* Embed App Extensions */,
				4ACD588726AFB4AF009B1424 /* Embed App Clips */,
				AF8A8BF034CF924BE42DDEAD /* [CP] Copy Pods Resources */,
			);
			buildRules = (
			);
			dependencies = (
				4A4D0A6B26AC0F56008A30E0 /* PBXTargetDependency */,
				4A25F19A26AED9A10075BE73 /* PBXTargetDependency */,
			);
			name = NetworkArch;
			productName = NetworkArch;
			productReference = 4A98A6362684B50F00EEEB60 /* NetworkArch.app */;
			productType = "com.apple.product-type.application";
		};
/* End PBXNativeTarget section */

/* Begin PBXProject section */
		4A98A62E2684B50F00EEEB60 /* Project object */ = {
			isa = PBXProject;
			attributes = {
				LastSwiftUpdateCheck = 1240;
				LastUpgradeCheck = 1250;
				ORGANIZATIONNAME = Harry;
				TargetAttributes = {
					4A25F18E26AED9A10075BE73 = {
						CreatedOnToolsVersion = 10.3;
					};
					4A26DBE2292DDB6B005B10E7 = {
						CreatedOnToolsVersion = 12.4;
					};
					4A4D0A5F26AC0F56008A30E0 = {
						CreatedOnToolsVersion = 10.3;
					};
					4A98A6352684B50F00EEEB60 = {
						CreatedOnToolsVersion = 10.3;
					};
				};
			};
			buildConfigurationList = 4A98A6312684B50F00EEEB60 /* Build configuration list for PBXProject "NetworkArch" */;
			compatibilityVersion = "Xcode 12.0";
			developmentRegion = en;
			hasScannedForEncodings = 0;
			knownRegions = (
				en,
				Base,
				"zh-Hans",
			);
			mainGroup = 4A98A62D2684B50F00EEEB60;
			productRefGroup = 4A98A6372684B50F00EEEB60 /* Products */;
			projectDirPath = "";
			projectRoot = "";
			targets = (
				4A25F18E26AED9A10075BE73 /* FleetingWidget */,
				4A4D0A5F26AC0F56008A30E0 /* TodayWidget */,
				4A26DBE2292DDB6B005B10E7 /* MonitorWidget */,
				4A98A6352684B50F00EEEB60 /* NetworkArch */,
			);
		};
/* End PBXProject section */

/* Begin PBXResourcesBuildPhase section */
		4A25F18D26AED9A10075BE73 /* Resources */ = {
			isa = PBXResourcesBuildPhase;
			buildActionMask = 2147483647;
			files = (
				4A25F19726AED9A10075BE73 /* FLEETING.storyboard in Resources */,
				4A4A004D26AEFFA7000D4708 /* Localizable.strings in Resources */,
				4A4A004926AEFDD4000D4708 /* InfoPlist.strings in Resources */,
			);
			runOnlyForDeploymentPostprocessing = 0;
		};
		4A26DBE1292DDB6B005B10E7 /* Resources */ = {
			isa = PBXResourcesBuildPhase;
			buildActionMask = 2147483647;
			files = (
				4A26DBEC292DDB6F005B10E7 /* Assets.xcassets in Resources */,
				4A26DC16292DDD66005B10E7 /* Localizable.strings in Resources */,
				4A26DC15292DDD66005B10E7 /* InfoPlist.strings in Resources */,
				4A26DC14292DDD66005B10E7 /* MONITOR.storyboard in Resources */,
			);
			runOnlyForDeploymentPostprocessing = 0;
		};
		4A4D0A5E26AC0F56008A30E0 /* Resources */ = {
			isa = PBXResourcesBuildPhase;
			buildActionMask = 2147483647;
			files = (
				4A26DBD3292DD6BE005B10E7 /* Localizable.strings in Resources */,
				4A4D0A6826AC0F56008A30E0 /* TODAY.storyboard in Resources */,
				4AF4411F26AC536F0008C169 /* IMAGEs.xcassets in Resources */,
				4A842C8026AC1C0B005DC131 /* InfoPlist.strings in Resources */,
			);
			runOnlyForDeploymentPostprocessing = 0;
		};
		4A98A6342684B50F00EEEB60 /* Resources */ = {
			isa = PBXResourcesBuildPhase;
			buildActionMask = 2147483647;
			files = (
				4AF4412926AC8C060008C169 /* LAUNCH.png in Resources */,
				4AE51B9C2685CD3400DC1DA2 /* Localizable.strings in Resources */,
				4AE51B9B2685CD3400DC1DA2 /* InfoPlist.strings in Resources */,
				4A0E4DF9268585CF00A85517 /* SPLASH.storyboard in Resources */,
				4AE51B962685C7C500DC1DA2 /* IMAGEs.xcassets in Resources */,
				4A0E4DED268585C500A85517 /* ICON.xcassets in Resources */,
				4AE51B942685C4DA00DC1DA2 /* SPONSOR.png in Resources */,
				4A0E4DF8268585CF00A85517 /* LAUNCH.storyboard in Resources */,
				4AE51B9F2685CDFB00DC1DA2 /* MAIN.storyboard in Resources */,
				4AF4412726AC8C060008C169 /* BOTTOM.png in Resources */,
			);
			runOnlyForDeploymentPostprocessing = 0;
		};
/* End PBXResourcesBuildPhase section */

/* Begin PBXShellScriptBuildPhase section */
		01839CEFE314FEB858AB8022 /* [CP] Check Pods Manifest.lock */ = {
			isa = PBXShellScriptBuildPhase;
			buildActionMask = 2147483647;
			files = (
			);
			inputFileListPaths = (
			);
			inputPaths = (
				"${PODS_PODFILE_DIR_PATH}/Podfile.lock",
				"${PODS_ROOT}/Manifest.lock",
			);
			name = "[CP] Check Pods Manifest.lock";
			outputFileListPaths = (
			);
			outputPaths = (
				"$(DERIVED_FILE_DIR)/Pods-TodayWidget-checkManifestLockResult.txt",
			);
			runOnlyForDeploymentPostprocessing = 0;
			shellPath = /bin/sh;
			shellScript = "diff \"${PODS_PODFILE_DIR_PATH}/Podfile.lock\" \"${PODS_ROOT}/Manifest.lock\" > /dev/null\nif [ $? != 0 ] ; then\n    # print error to STDERR\n    echo \"error: The sandbox is not in sync with the Podfile.lock. Run 'pod install' or update your CocoaPods installation.\" >&2\n    exit 1\nfi\n# This output is used by Xcode 'outputs' to avoid re-running this script phase.\necho \"SUCCESS\" > \"${SCRIPT_OUTPUT_FILE_0}\"\n";
			showEnvVarsInLog = 0;
		};
		153E5A5450165EBBB075360C /* [CP] Check Pods Manifest.lock */ = {
			isa = PBXShellScriptBuildPhase;
			buildActionMask = 2147483647;
			files = (
			);
			inputFileListPaths = (
			);
			inputPaths = (
				"${PODS_PODFILE_DIR_PATH}/Podfile.lock",
				"${PODS_ROOT}/Manifest.lock",
			);
			name = "[CP] Check Pods Manifest.lock";
			outputFileListPaths = (
			);
			outputPaths = (
				"$(DERIVED_FILE_DIR)/Pods-FleetingWidget-checkManifestLockResult.txt",
			);
			runOnlyForDeploymentPostprocessing = 0;
			shellPath = /bin/sh;
			shellScript = "diff \"${PODS_PODFILE_DIR_PATH}/Podfile.lock\" \"${PODS_ROOT}/Manifest.lock\" > /dev/null\nif [ $? != 0 ] ; then\n    # print error to STDERR\n    echo \"error: The sandbox is not in sync with the Podfile.lock. Run 'pod install' or update your CocoaPods installation.\" >&2\n    exit 1\nfi\n# This output is used by Xcode 'outputs' to avoid re-running this script phase.\necho \"SUCCESS\" > \"${SCRIPT_OUTPUT_FILE_0}\"\n";
			showEnvVarsInLog = 0;
		};
		40648E178ADB32282CCCEE06 /* [CP] Embed Pods Frameworks */ = {
			isa = PBXShellScriptBuildPhase;
			buildActionMask = 2147483647;
			files = (
			);
			inputFileListPaths = (
				"${PODS_ROOT}/Target Support Files/Pods-NetworkArch/Pods-NetworkArch-frameworks-${CONFIGURATION}-input-files.xcfilelist",
			);
			name = "[CP] Embed Pods Frameworks";
			outputFileListPaths = (
				"${PODS_ROOT}/Target Support Files/Pods-NetworkArch/Pods-NetworkArch-frameworks-${CONFIGURATION}-output-files.xcfilelist",
			);
			runOnlyForDeploymentPostprocessing = 0;
			shellPath = /bin/sh;
			shellScript = "\"${PODS_ROOT}/Target Support Files/Pods-NetworkArch/Pods-NetworkArch-frameworks.sh\"\n";
			showEnvVarsInLog = 0;
		};
		4A9D71C62685751300AFA3BB /* ShellScript */ = {
			isa = PBXShellScriptBuildPhase;
			buildActionMask = 2147483647;
			files = (
			);
			inputFileListPaths = (
			);
			inputPaths = (
			);
			outputFileListPaths = (
			);
			outputPaths = (
			);
			runOnlyForDeploymentPostprocessing = 0;
			shellPath = /bin/sh;
			shellScript = "# Type a script or drag a script file from your workspace to insert its path.\n#\n#                      ICON_BADGE_BACKGROUND_COLOR ICON_BADGE_TEXT_COLOR   底部 APP 信息参数\n# $SRCROOT/ICON-DEBUG.sh \"rgba(255,255,255,1.0)\"     \"rgba(255,0,0,1.0)\"     \"NO\"\n\necho \"CONFIGURATION_BUILD_DIR：${CONFIGURATION_BUILD_DIR}/FloatingPanel/Swift Compatibility Header\"\n";
		};
		569509590C8BE250C72B3264 /* [CP] Copy Pods Resources */ = {
			isa = PBXShellScriptBuildPhase;
			buildActionMask = 2147483647;
			files = (
			);
			inputFileListPaths = (
				"${PODS_ROOT}/Target Support Files/Pods-FleetingWidget/Pods-FleetingWidget-resources-${CONFIGURATION}-input-files.xcfilelist",
			);
			name = "[CP] Copy Pods Resources";
			outputFileListPaths = (
				"${PODS_ROOT}/Target Support Files/Pods-FleetingWidget/Pods-FleetingWidget-resources-${CONFIGURATION}-output-files.xcfilelist",
			);
			runOnlyForDeploymentPostprocessing = 0;
			shellPath = /bin/sh;
			shellScript = "\"${PODS_ROOT}/Target Support Files/Pods-FleetingWidget/Pods-FleetingWidget-resources.sh\"\n";
			showEnvVarsInLog = 0;
		};
		7291B919E30B3AEFCDCB6FB7 /* [CP] Check Pods Manifest.lock */ = {
			isa = PBXShellScriptBuildPhase;
			buildActionMask = 2147483647;
			files = (
			);
			inputFileListPaths = (
			);
			inputPaths = (
				"${PODS_PODFILE_DIR_PATH}/Podfile.lock",
				"${PODS_ROOT}/Manifest.lock",
			);
			name = "[CP] Check Pods Manifest.lock";
			outputFileListPaths = (
			);
			outputPaths = (
				"$(DERIVED_FILE_DIR)/Pods-NetworkArch-checkManifestLockResult.txt",
			);
			runOnlyForDeploymentPostprocessing = 0;
			shellPath = /bin/sh;
			shellScript = "diff \"${PODS_PODFILE_DIR_PATH}/Podfile.lock\" \"${PODS_ROOT}/Manifest.lock\" > /dev/null\nif [ $? != 0 ] ; then\n    # print error to STDERR\n    echo \"error: The sandbox is not in sync with the Podfile.lock. Run 'pod install' or update your CocoaPods installation.\" >&2\n    exit 1\nfi\n# This output is used by Xcode 'outputs' to avoid re-running this script phase.\necho \"SUCCESS\" > \"${SCRIPT_OUTPUT_FILE_0}\"\n";
			showEnvVarsInLog = 0;
		};
		AF8A8BF034CF924BE42DDEAD /* [CP] Copy Pods Resources */ = {
			isa = PBXShellScriptBuildPhase;
			buildActionMask = 2147483647;
			files = (
			);
			inputFileListPaths = (
				"${PODS_ROOT}/Target Support Files/Pods-NetworkArch/Pods-NetworkArch-resources-${CONFIGURATION}-input-files.xcfilelist",
			);
			name = "[CP] Copy Pods Resources";
			outputFileListPaths = (
				"${PODS_ROOT}/Target Support Files/Pods-NetworkArch/Pods-NetworkArch-resources-${CONFIGURATION}-output-files.xcfilelist",
			);
			runOnlyForDeploymentPostprocessing = 0;
			shellPath = /bin/sh;
			shellScript = "\"${PODS_ROOT}/Target Support Files/Pods-NetworkArch/Pods-NetworkArch-resources.sh\"\n";
			showEnvVarsInLog = 0;
		};
		FFB1CBF80C930A36A690545F /* [CP] Copy Pods Resources */ = {
			isa = PBXShellScriptBuildPhase;
			buildActionMask = 2147483647;
			files = (
			);
			inputFileListPaths = (
				"${PODS_ROOT}/Target Support Files/Pods-TodayWidget/Pods-TodayWidget-resources-${CONFIGURATION}-input-files.xcfilelist",
			);
			name = "[CP] Copy Pods Resources";
			outputFileListPaths = (
				"${PODS_ROOT}/Target Support Files/Pods-TodayWidget/Pods-TodayWidget-resources-${CONFIGURATION}-output-files.xcfilelist",
			);
			runOnlyForDeploymentPostprocessing = 0;
			shellPath = /bin/sh;
			shellScript = "\"${PODS_ROOT}/Target Support Files/Pods-TodayWidget/Pods-TodayWidget-resources.sh\"\n";
			showEnvVarsInLog = 0;
		};
/* End PBXShellScriptBuildPhase section */

/* Begin PBXSourcesBuildPhase section */
		4A25F18B26AED9A10075BE73 /* Sources */ = {
			isa = PBXSourcesBuildPhase;
			buildActionMask = 2147483647;
			files = (
				4A4A003F26AEEB02000D4708 /* FleetingWidgetController+Inner.m in Sources */,
				4A4A003C26AEEA95000D4708 /* FleetingWidgetController+Theme.m in Sources */,
				4A25F19426AED9A10075BE73 /* FleetingWidgetController.m in Sources */,
				4A4A004626AEF55A000D4708 /* OneYear+Inner.m in Sources */,
				4A4A004326AEEE55000D4708 /* OneYear.m in Sources */,
			);
			runOnlyForDeploymentPostprocessing = 0;
		};
		4A26DBDF292DDB6B005B10E7 /* Sources */ = {
			isa = PBXSourcesBuildPhase;
			buildActionMask = 2147483647;
			files = (
				4A26DC49292DDDFC005B10E7 /* MonitorWidgetController+Signal.m in Sources */,
				4A26DC44292DDDFC005B10E7 /* MonitorWidgetController+Action.m in Sources */,
				4A26DC46292DDDFC005B10E7 /* MonitorWidgetController+Inner.m in Sources */,
				4A26DC47292DDDFC005B10E7 /* MonitorWidgetController+Theme.m in Sources */,
				4A26DC45292DDDFC005B10E7 /* MonitorWidgetController.m in Sources */,
				4A26DC43292DDDFC005B10E7 /* MonitorWidgetController+Debug.m in Sources */,
				4A26DC48292DDDFC005B10E7 /* MonitorWidgetController+Notification.m in Sources */,
			);
			runOnlyForDeploymentPostprocessing = 0;
		};
		4A4D0A5C26AC0F56008A30E0 /* Sources */ = {
			isa = PBXSourcesBuildPhase;
			buildActionMask = 2147483647;
			files = (
				4A4D0A6526AC0F56008A30E0 /* TodayWidgetController.m in Sources */,
				4AF440EB26AC447B0008C169 /* TodayWidgetContentController+Signal.m in Sources */,
				4AF440EC26AC447B0008C169 /* TodayWidgetContentController+Inner.m in Sources */,
				4AF440E926AC447B0008C169 /* TodayWidgetContentController+Debug.m in Sources */,
				4AF440EA26AC447B0008C169 /* TodayWidgetContentController+Notification.m in Sources */,
				4AF440EF26AC44B00008C169 /* TodayWidgetController+Theme.m in Sources */,
				4AF4411926AC4D4A0008C169 /* TodayWidgetCell+Signal.m in Sources */,
				4AF440E826AC447B0008C169 /* TodayWidgetContentController.m in Sources */,
				4AF4411D26AC4D4A0008C169 /* TodayWidgetCell+Theme.m in Sources */,
				4AF4411C26AC4D4A0008C169 /* TodayWidgetCell+Notification.m in Sources */,
				4AF440AF26AC42310008C169 /* TodayWidgetController+Inner.m in Sources */,
				4AF4411A26AC4D4A0008C169 /* TodayWidgetCell+Debug.m in Sources */,
				4AF440E726AC447B0008C169 /* TodayWidgetContentController+Theme.m in Sources */,
				4AF4411B26AC4D4A0008C169 /* TodayWidgetCell+Inner.m in Sources */,
				4AF4411826AC4D4A0008C169 /* TodayWidgetCell.m in Sources */,
			);
			runOnlyForDeploymentPostprocessing = 0;
		};
		4A98A6322684B50F00EEEB60 /* Sources */ = {
			isa = PBXSourcesBuildPhase;
			buildActionMask = 2147483647;
			files = (
				4A99B5B926B5910D006F479F /* APPDelegate+Inner.m in Sources */,
				4A0E4DC0268584C100A85517 /* APPDelegate.m in Sources */,
				4AAF697826B58E1300E68E32 /* APPDelegate+Signal.m in Sources */,
				4A303578290EA6D80019FA8C /* StartUp.m in Sources */,
				4A303902290ECEAB0019FA8C /* RootViewController+Inner.m in Sources */,
				4A0E4DBF268584C100A85517 /* RootViewController.m in Sources */,
				4A30393D290ED0DE0019FA8C /* RootViewController+Theme.m in Sources */,
				4A37178B291029D800E7E86D /* APPDelegate+Notification.m in Sources */,
				4A0E4DEF268585C500A85517 /* main.m in Sources */,
				4A0E4DC1268584C100A85517 /* SplashViewController.m in Sources */,
				4A303579290EA6D80019FA8C /* ServiceManager.m in Sources */,
				4A6C2155291C261C005417F8 /* APPDelegate+ADs.m in Sources */,
			);
			runOnlyForDeploymentPostprocessing = 0;
		};
/* End PBXSourcesBuildPhase section */

/* Begin PBXTargetDependency section */
		4A25F19A26AED9A10075BE73 /* PBXTargetDependency */ = {
			isa = PBXTargetDependency;
			target = 4A25F18E26AED9A10075BE73 /* FleetingWidget */;
			targetProxy = 4A25F19926AED9A10075BE73 /* PBXContainerItemProxy */;
		};
		4A4D0A6B26AC0F56008A30E0 /* PBXTargetDependency */ = {
			isa = PBXTargetDependency;
			target = 4A4D0A5F26AC0F56008A30E0 /* TodayWidget */;
			targetProxy = 4A4D0A6A26AC0F56008A30E0 /* PBXContainerItemProxy */;
		};
/* End PBXTargetDependency section */

/* Begin PBXVariantGroup section */
		4A0E4DF3268585CE00A85517 /* LAUNCH.storyboard */ = {
			isa = PBXVariantGroup;
			children = (
				4A0E4DF4268585CE00A85517 /* Base */,
			);
			name = LAUNCH.storyboard;
			sourceTree = "<group>";
		};
		4A0E4DF5268585CE00A85517 /* SPLASH.storyboard */ = {
			isa = PBXVariantGroup;
			children = (
				4A0E4DF6268585CE00A85517 /* Base */,
			);
			name = SPLASH.storyboard;
			sourceTree = "<group>";
		};
		4A25F19526AED9A10075BE73 /* FLEETING.storyboard */ = {
			isa = PBXVariantGroup;
			children = (
				4A25F19626AED9A10075BE73 /* Base */,
			);
			name = FLEETING.storyboard;
			sourceTree = "<group>";
		};
		4A26DBD1292DD6BE005B10E7 /* Localizable.strings */ = {
			isa = PBXVariantGroup;
			children = (
				4A26DBD2292DD6BE005B10E7 /* Base */,
				4A26DBD7292DD6C5005B10E7 /* en */,
				4A26DBD8292DD6C8005B10E7 /* zh-Hans */,
			);
			name = Localizable.strings;
			sourceTree = "<group>";
		};
		4A26DC0E292DDD65005B10E7 /* MONITOR.storyboard */ = {
			isa = PBXVariantGroup;
			children = (
				4A26DC0F292DDD65005B10E7 /* Base */,
			);
			name = MONITOR.storyboard;
			sourceTree = "<group>";
		};
		4A26DC10292DDD65005B10E7 /* InfoPlist.strings */ = {
			isa = PBXVariantGroup;
			children = (
				4A26DC11292DDD65005B10E7 /* Base */,
				4A26DD09292DE50B005B10E7 /* en */,
				4A26DD0A292DE50D005B10E7 /* zh-Hans */,
			);
			name = InfoPlist.strings;
			sourceTree = "<group>";
		};
		4A26DC12292DDD65005B10E7 /* Localizable.strings */ = {
			isa = PBXVariantGroup;
			children = (
				4A26DC13292DDD65005B10E7 /* Base */,
				4A482694292E831C00AEF551 /* en */,
				4A482695292E831E00AEF551 /* zh-Hans */,
			);
			name = Localizable.strings;
			sourceTree = "<group>";
		};
		4A4A004726AEFDD4000D4708 /* InfoPlist.strings */ = {
			isa = PBXVariantGroup;
			children = (
				4A4A004826AEFDD4000D4708 /* Base */,
				4A4A004A26AEFE64000D4708 /* en */,
				4A2E05E026D3EFF0000A3354 /* zh-Hans */,
			);
			name = InfoPlist.strings;
			sourceTree = "<group>";
		};
		4A4A004B26AEFFA7000D4708 /* Localizable.strings */ = {
			isa = PBXVariantGroup;
			children = (
				4A4A004C26AEFFA7000D4708 /* Base */,
				4A26DD6D292E11A0005B10E7 /* en */,
				4A26DD6E292E11AA005B10E7 /* zh-Hans */,
			);
			name = Localizable.strings;
			sourceTree = "<group>";
		};
		4A4D0A6626AC0F56008A30E0 /* TODAY.storyboard */ = {
			isa = PBXVariantGroup;
			children = (
				4A4D0A6726AC0F56008A30E0 /* Base */,
			);
			name = TODAY.storyboard;
			sourceTree = "<group>";
		};
		4A842C7E26AC1C0B005DC131 /* InfoPlist.strings */ = {
			isa = PBXVariantGroup;
			children = (
				4A842C7F26AC1C0B005DC131 /* Base */,
				4AF4412426AC8AC90008C169 /* en */,
				4A2E05DF26D3EFE4000A3354 /* zh-Hans */,
			);
			name = InfoPlist.strings;
			sourceTree = "<group>";
		};
		4AE51B972685CD3400DC1DA2 /* InfoPlist.strings */ = {
			isa = PBXVariantGroup;
			children = (
				4AE51B982685CD3400DC1DA2 /* Base */,
				4A76718526D375C900EC44B1 /* en */,
				4A76718626D3764900EC44B1 /* zh-Hans */,
			);
			name = InfoPlist.strings;
			sourceTree = "<group>";
		};
		4AE51B992685CD3400DC1DA2 /* Localizable.strings */ = {
			isa = PBXVariantGroup;
			children = (
				4AE51B9A2685CD3400DC1DA2 /* Base */,
				4A76718826D3765100EC44B1 /* en */,
				4A76718926D3766200EC44B1 /* zh-Hans */,
			);
			name = Localizable.strings;
			sourceTree = "<group>";
		};
		4AE51B9D2685CDFB00DC1DA2 /* MAIN.storyboard */ = {
			isa = PBXVariantGroup;
			children = (
				4AE51B9E2685CDFB00DC1DA2 /* Base */,
			);
			name = MAIN.storyboard;
			sourceTree = "<group>";
		};
/* End PBXVariantGroup section */

/* Begin XCBuildConfiguration section */
		4A25F19C26AED9A10075BE73 /* Debug */ = {
			isa = XCBuildConfiguration;
			baseConfigurationReference = 9427FC1B9FB3144B40E0E517 /* Pods-FleetingWidget.debug.xcconfig */;
			buildSettings = {
				CODE_SIGN_ENTITLEMENTS = FleetingWidget/FleetingWidget.entitlements;
				CODE_SIGN_IDENTITY = "Apple Development: Cai Lu (PHD24T76XW)";
				CODE_SIGN_STYLE = Manual;
				DEVELOPMENT_TEAM = G8G9TAP4UN;
				GCC_PREFIX_HEADER = FleetingWidget/Prefix.pch;
				INFOPLIST_FILE = FleetingWidget/Info.plist;
				LD_RUNPATH_SEARCH_PATHS = (
					"$(inherited)",
					"@executable_path/Frameworks",
					"@executable_path/../../Frameworks",
				);
				PRODUCT_BUNDLE_IDENTIFIER = com.idea.NetworkArch.FleetingWidget;
				PRODUCT_NAME = "$(TARGET_NAME)";
				PROVISIONING_PROFILE_SPECIFIER = Idea.NetworkArch.FleetingWidget;
				SKIP_INSTALL = YES;
				TARGETED_DEVICE_FAMILY = 1;
			};
			name = Debug;
		};
		4A25F19D26AED9A10075BE73 /* Release */ = {
			isa = XCBuildConfiguration;
			baseConfigurationReference = 51094CFDD28FA237A0372EFB /* Pods-FleetingWidget.release.xcconfig */;
			buildSettings = {
				CODE_SIGN_ENTITLEMENTS = FleetingWidget/FleetingWidget.entitlements;
				CODE_SIGN_IDENTITY = "Apple Distribution: Cai Lu (G8G9TAP4UN)";
				CODE_SIGN_STYLE = Manual;
				DEVELOPMENT_TEAM = G8G9TAP4UN;
				GCC_PREFIX_HEADER = FleetingWidget/Prefix.pch;
				INFOPLIST_FILE = FleetingWidget/Info.plist;
				LD_RUNPATH_SEARCH_PATHS = (
					"$(inherited)",
					"@executable_path/Frameworks",
					"@executable_path/../../Frameworks",
				);
				PRODUCT_BUNDLE_IDENTIFIER = com.idea.NetworkArch.FleetingWidget;
				PRODUCT_NAME = "$(TARGET_NAME)";
				PROVISIONING_PROFILE_SPECIFIER = "Ad Hoc:Idea.NetworkArch.FleetingWidget";
				SKIP_INSTALL = YES;
				TARGETED_DEVICE_FAMILY = 1;
			};
			name = Release;
		};
		4A26DBF2292DDB6F005B10E7 /* Debug */ = {
			isa = XCBuildConfiguration;
			buildSettings = {
				ASSETCATALOG_COMPILER_GLOBAL_ACCENT_COLOR_NAME = AccentColor;
				ASSETCATALOG_COMPILER_WIDGET_BACKGROUND_COLOR_NAME = WidgetBackground;
				CODE_SIGN_ENTITLEMENTS = MonitorWidget/MonitorWidget.entitlements;
				CODE_SIGN_STYLE = Manual;
				DEVELOPMENT_TEAM = G8G9TAP4UN;
				GCC_PREFIX_HEADER = MonitorWidget/Prefix.pch;
				INFOPLIST_FILE = MonitorWidget/Info.plist;
				LD_RUNPATH_SEARCH_PATHS = (
					"$(inherited)",
					"@executable_path/Frameworks",
					"@executable_path/../../Frameworks",
				);
				PRODUCT_BUNDLE_IDENTIFIER = com.idea.NetworkArch.MonitorWidget;
				PRODUCT_NAME = "$(TARGET_NAME)";
				PROVISIONING_PROFILE_SPECIFIER = Idea.NetworkArch.MonitorWidget;
				SKIP_INSTALL = YES;
				SWIFT_ACTIVE_COMPILATION_CONDITIONS = DEBUG;
				SWIFT_OPTIMIZATION_LEVEL = "-Onone";
				SWIFT_VERSION = 5.0;
				TARGETED_DEVICE_FAMILY = 1;
			};
			name = Debug;
		};
		4A26DBF3292DDB6F005B10E7 /* Release */ = {
			isa = XCBuildConfiguration;
			buildSettings = {
				ASSETCATALOG_COMPILER_GLOBAL_ACCENT_COLOR_NAME = AccentColor;
				ASSETCATALOG_COMPILER_WIDGET_BACKGROUND_COLOR_NAME = WidgetBackground;
				CODE_SIGN_ENTITLEMENTS = MonitorWidget/MonitorWidget.entitlements;
				CODE_SIGN_STYLE = Manual;
				DEVELOPMENT_TEAM = G8G9TAP4UN;
				GCC_PREFIX_HEADER = MonitorWidget/Prefix.pch;
				INFOPLIST_FILE = MonitorWidget/Info.plist;
				LD_RUNPATH_SEARCH_PATHS = (
					"$(inherited)",
					"@executable_path/Frameworks",
					"@executable_path/../../Frameworks",
				);
				PRODUCT_BUNDLE_IDENTIFIER = com.idea.NetworkArch.MonitorWidget;
				PRODUCT_NAME = "$(TARGET_NAME)";
				PROVISIONING_PROFILE_SPECIFIER = "Ad Hoc: IdeaNetworkArchMonitorWidget";
				SKIP_INSTALL = YES;
				SWIFT_COMPILATION_MODE = wholemodule;
				SWIFT_OPTIMIZATION_LEVEL = "-O";
				SWIFT_VERSION = 5.0;
				TARGETED_DEVICE_FAMILY = 1;
			};
			name = Release;
		};
		4A4D0A6E26AC0F56008A30E0 /* Debug */ = {
			isa = XCBuildConfiguration;
			baseConfigurationReference = 6B7C763236D1A5B8A55DC1C2 /* Pods-TodayWidget.debug.xcconfig */;
			buildSettings = {
				CODE_SIGN_ENTITLEMENTS = TodayWidget/TodayWidget.entitlements;
				CODE_SIGN_STYLE = Manual;
				DEVELOPMENT_TEAM = G8G9TAP4UN;
				GCC_PREFIX_HEADER = TodayWidget/Prefix.pch;
				INFOPLIST_FILE = TodayWidget/Info.plist;
				LD_RUNPATH_SEARCH_PATHS = (
					"$(inherited)",
					"@executable_path/Frameworks",
					"@executable_path/../../Frameworks",
				);
				PRODUCT_BUNDLE_IDENTIFIER = com.idea.NetworkArch.TodayWidget;
				PRODUCT_NAME = "$(TARGET_NAME)";
				PROVISIONING_PROFILE_SPECIFIER = Idea.NetworkArch.TodayWidget;
				SKIP_INSTALL = YES;
				TARGETED_DEVICE_FAMILY = 1;
			};
			name = Debug;
		};
		4A4D0A6F26AC0F56008A30E0 /* Release */ = {
			isa = XCBuildConfiguration;
			baseConfigurationReference = 63DF92DFFC64AB4198E20875 /* Pods-TodayWidget.release.xcconfig */;
			buildSettings = {
				CODE_SIGN_ENTITLEMENTS = TodayWidget/TodayWidget.entitlements;
				CODE_SIGN_STYLE = Manual;
				DEVELOPMENT_TEAM = G8G9TAP4UN;
				GCC_PREFIX_HEADER = TodayWidget/Prefix.pch;
				INFOPLIST_FILE = TodayWidget/Info.plist;
				LD_RUNPATH_SEARCH_PATHS = (
					"$(inherited)",
					"@executable_path/Frameworks",
					"@executable_path/../../Frameworks",
				);
				PRODUCT_BUNDLE_IDENTIFIER = com.idea.NetworkArch.TodayWidget;
				PRODUCT_NAME = "$(TARGET_NAME)";
				PROVISIONING_PROFILE_SPECIFIER = "Ad Hoc:Idea.NetworkArch.TodayWidget";
				SKIP_INSTALL = YES;
				TARGETED_DEVICE_FAMILY = 1;
			};
			name = Release;
		};
		4A98A64A2684B51100EEEB60 /* Debug */ = {
			isa = XCBuildConfiguration;
			buildSettings = {
				ALWAYS_SEARCH_USER_PATHS = NO;
				CLANG_ANALYZER_LOCALIZABILITY_NONLOCALIZED = YES;
				CLANG_ANALYZER_NONNULL = YES;
				CLANG_ANALYZER_NUMBER_OBJECT_CONVERSION = YES_AGGRESSIVE;
				CLANG_CXX_LANGUAGE_STANDARD = "gnu++14";
				CLANG_CXX_LIBRARY = "libc++";
				CLANG_ENABLE_MODULES = YES;
				CLANG_ENABLE_OBJC_ARC = YES;
				CLANG_ENABLE_OBJC_WEAK = YES;
				CLANG_WARN_BLOCK_CAPTURE_AUTORELEASING = YES;
				CLANG_WARN_BOOL_CONVERSION = YES;
				CLANG_WARN_COMMA = YES;
				CLANG_WARN_CONSTANT_CONVERSION = YES;
				CLANG_WARN_DEPRECATED_OBJC_IMPLEMENTATIONS = YES;
				CLANG_WARN_DIRECT_OBJC_ISA_USAGE = YES_ERROR;
				CLANG_WARN_DOCUMENTATION_COMMENTS = YES;
				CLANG_WARN_EMPTY_BODY = YES;
				CLANG_WARN_ENUM_CONVERSION = YES;
				CLANG_WARN_INFINITE_RECURSION = YES;
				CLANG_WARN_INT_CONVERSION = YES;
				CLANG_WARN_NON_LITERAL_NULL_CONVERSION = YES;
				CLANG_WARN_OBJC_IMPLICIT_RETAIN_SELF = YES;
				CLANG_WARN_OBJC_LITERAL_CONVERSION = YES;
				CLANG_WARN_OBJC_ROOT_CLASS = YES_ERROR;
				CLANG_WARN_RANGE_LOOP_ANALYSIS = YES;
				CLANG_WARN_STRICT_PROTOTYPES = YES;
				CLANG_WARN_SUSPICIOUS_MOVE = YES;
				CLANG_WARN_UNGUARDED_AVAILABILITY = YES_AGGRESSIVE;
				CLANG_WARN_UNREACHABLE_CODE = YES;
				CLANG_WARN__DUPLICATE_METHOD_MATCH = YES;
				CODE_SIGN_IDENTITY = "Apple Development: Cai Lu (PHD24T76XW)";
				COPY_PHASE_STRIP = NO;
				CURRENT_PROJECT_VERSION = 2022.11281650.00;
				DEBUG_INFORMATION_FORMAT = dwarf;
				ENABLE_BITCODE = NO;
				ENABLE_STRICT_OBJC_MSGSEND = YES;
				ENABLE_TESTABILITY = YES;
				GCC_C_LANGUAGE_STANDARD = gnu11;
				GCC_DYNAMIC_NO_PIC = NO;
				GCC_NO_COMMON_BLOCKS = YES;
				GCC_OPTIMIZATION_LEVEL = 0;
				GCC_PRECOMPILE_PREFIX_HEADER = YES;
				GCC_PREPROCESSOR_DEFINITIONS = (
					"DEBUG=1",
					"$(inherited)",
				);
				GCC_WARN_64_TO_32_BIT_CONVERSION = YES;
				GCC_WARN_ABOUT_RETURN_TYPE = YES_ERROR;
				GCC_WARN_UNDECLARED_SELECTOR = YES;
				GCC_WARN_UNINITIALIZED_AUTOS = YES_AGGRESSIVE;
				GCC_WARN_UNUSED_FUNCTION = YES;
				GCC_WARN_UNUSED_VARIABLE = YES;
				IPHONEOS_DEPLOYMENT_TARGET = 12.0;
				MACOSX_DEPLOYMENT_TARGET = 10.15;
				MARKETING_VERSION = 0.9.5;
				MTL_ENABLE_DEBUG_INFO = INCLUDE_SOURCE;
				MTL_FAST_MATH = YES;
				ONLY_ACTIVE_ARCH = YES;
				OTHER_LDFLAGS = "-lc++";
				SDKROOT = iphoneos;
				TVOS_DEPLOYMENT_TARGET = 12.0;
				WATCHOS_DEPLOYMENT_TARGET = 4.3;
			};
			name = Debug;
		};
		4A98A64B2684B51100EEEB60 /* Release */ = {
			isa = XCBuildConfiguration;
			buildSettings = {
				ALWAYS_SEARCH_USER_PATHS = NO;
				CLANG_ANALYZER_LOCALIZABILITY_NONLOCALIZED = YES;
				CLANG_ANALYZER_NONNULL = YES;
				CLANG_ANALYZER_NUMBER_OBJECT_CONVERSION = YES_AGGRESSIVE;
				CLANG_CXX_LANGUAGE_STANDARD = "gnu++14";
				CLANG_CXX_LIBRARY = "libc++";
				CLANG_ENABLE_MODULES = YES;
				CLANG_ENABLE_OBJC_ARC = YES;
				CLANG_ENABLE_OBJC_WEAK = YES;
				CLANG_WARN_BLOCK_CAPTURE_AUTORELEASING = YES;
				CLANG_WARN_BOOL_CONVERSION = YES;
				CLANG_WARN_COMMA = YES;
				CLANG_WARN_CONSTANT_CONVERSION = YES;
				CLANG_WARN_DEPRECATED_OBJC_IMPLEMENTATIONS = YES;
				CLANG_WARN_DIRECT_OBJC_ISA_USAGE = YES_ERROR;
				CLANG_WARN_DOCUMENTATION_COMMENTS = YES;
				CLANG_WARN_EMPTY_BODY = YES;
				CLANG_WARN_ENUM_CONVERSION = YES;
				CLANG_WARN_INFINITE_RECURSION = YES;
				CLANG_WARN_INT_CONVERSION = YES;
				CLANG_WARN_NON_LITERAL_NULL_CONVERSION = YES;
				CLANG_WARN_OBJC_IMPLICIT_RETAIN_SELF = YES;
				CLANG_WARN_OBJC_LITERAL_CONVERSION = YES;
				CLANG_WARN_OBJC_ROOT_CLASS = YES_ERROR;
				CLANG_WARN_RANGE_LOOP_ANALYSIS = YES;
				CLANG_WARN_STRICT_PROTOTYPES = YES;
				CLANG_WARN_SUSPICIOUS_MOVE = YES;
				CLANG_WARN_UNGUARDED_AVAILABILITY = YES_AGGRESSIVE;
				CLANG_WARN_UNREACHABLE_CODE = YES;
				CLANG_WARN__DUPLICATE_METHOD_MATCH = YES;
				CODE_SIGN_IDENTITY = "Apple Distribution: Cai Lu (G8G9TAP4UN)";
				COPY_PHASE_STRIP = NO;
				CURRENT_PROJECT_VERSION = 2022.11281650.00;
				DEBUG_INFORMATION_FORMAT = "dwarf-with-dsym";
				ENABLE_BITCODE = NO;
				ENABLE_NS_ASSERTIONS = NO;
				ENABLE_STRICT_OBJC_MSGSEND = YES;
				GCC_C_LANGUAGE_STANDARD = gnu11;
				GCC_GENERATE_DEBUGGING_SYMBOLS = NO;
				GCC_NO_COMMON_BLOCKS = YES;
				GCC_PRECOMPILE_PREFIX_HEADER = YES;
				GCC_WARN_64_TO_32_BIT_CONVERSION = YES;
				GCC_WARN_ABOUT_RETURN_TYPE = YES_ERROR;
				GCC_WARN_UNDECLARED_SELECTOR = YES;
				GCC_WARN_UNINITIALIZED_AUTOS = YES_AGGRESSIVE;
				GCC_WARN_UNUSED_FUNCTION = YES;
				GCC_WARN_UNUSED_VARIABLE = YES;
				IPHONEOS_DEPLOYMENT_TARGET = 12.0;
				MACOSX_DEPLOYMENT_TARGET = 10.15;
				MARKETING_VERSION = 0.9.5;
				MTL_ENABLE_DEBUG_INFO = NO;
				MTL_FAST_MATH = YES;
				OTHER_LDFLAGS = "-lc++";
				SDKROOT = iphoneos;
				TVOS_DEPLOYMENT_TARGET = 12.0;
				VALIDATE_PRODUCT = YES;
				WATCHOS_DEPLOYMENT_TARGET = 4.3;
			};
			name = Release;
		};
		4A98A64D2684B51100EEEB60 /* Debug */ = {
			isa = XCBuildConfiguration;
			baseConfigurationReference = CC7F3049F2B28E17A49195A2 /* Pods-NetworkArch.debug.xcconfig */;
			buildSettings = {
				ASSETCATALOG_COMPILER_APPICON_NAME = "AppIcon-Debug";
				CODE_SIGN_ENTITLEMENTS = Phone/APP/NetworkArch.entitlements;
				CODE_SIGN_STYLE = Manual;
				DEVELOPMENT_TEAM = G8G9TAP4UN;
				GCC_PRECOMPILE_PREFIX_HEADER = YES;
				GCC_PREFIX_HEADER = Phone/APP/Prefix.pch;
				INFOPLIST_FILE = "$(SRCROOT)/Phone/APP/Info.plist";
				LD_RUNPATH_SEARCH_PATHS = (
					"$(inherited)",
					"@executable_path/Frameworks",
				);
				PRODUCT_BUNDLE_IDENTIFIER = com.idea.NetworkArch;
				PRODUCT_NAME = "$(TARGET_NAME)";
				PROVISIONING_PROFILE_SPECIFIER = Idea.NetworkArch;
				TARGETED_DEVICE_FAMILY = 1;
			};
			name = Debug;
		};
		4A98A64E2684B51100EEEB60 /* Release */ = {
			isa = XCBuildConfiguration;
			baseConfigurationReference = C567634D22600ACDE499AF6E /* Pods-NetworkArch.release.xcconfig */;
			buildSettings = {
				ASSETCATALOG_COMPILER_APPICON_NAME = AppIcon;
				CODE_SIGN_ENTITLEMENTS = Phone/APP/NetworkArch.entitlements;
				CODE_SIGN_STYLE = Manual;
				DEVELOPMENT_TEAM = G8G9TAP4UN;
				GCC_PRECOMPILE_PREFIX_HEADER = YES;
				GCC_PREFIX_HEADER = Phone/APP/Prefix.pch;
				INFOPLIST_FILE = "$(SRCROOT)/Phone/APP/Info.plist";
				LD_RUNPATH_SEARCH_PATHS = (
					"$(inherited)",
					"@executable_path/Frameworks",
				);
				PRODUCT_BUNDLE_IDENTIFIER = com.idea.NetworkArch;
				PRODUCT_NAME = "$(TARGET_NAME)";
				PROVISIONING_PROFILE_SPECIFIER = "Ad Hoc:Idea.NetworkArch";
				TARGETED_DEVICE_FAMILY = 1;
			};
			name = Release;
		};
/* End XCBuildConfiguration section */

/* Begin XCConfigurationList section */
		4A25F19E26AED9A10075BE73 /* Build configuration list for PBXNativeTarget "FleetingWidget" */ = {
			isa = XCConfigurationList;
			buildConfigurations = (
				4A25F19C26AED9A10075BE73 /* Debug */,
				4A25F19D26AED9A10075BE73 /* Release */,
			);
			defaultConfigurationIsVisible = 0;
			defaultConfigurationName = Release;
		};
		4A26DBF1292DDB6F005B10E7 /* Build configuration list for PBXNativeTarget "MonitorWidget" */ = {
			isa = XCConfigurationList;
			buildConfigurations = (
				4A26DBF2292DDB6F005B10E7 /* Debug */,
				4A26DBF3292DDB6F005B10E7 /* Release */,
			);
			defaultConfigurationIsVisible = 0;
			defaultConfigurationName = Release;
		};
		4A4D0A6D26AC0F56008A30E0 /* Build configuration list for PBXNativeTarget "TodayWidget" */ = {
			isa = XCConfigurationList;
			buildConfigurations = (
				4A4D0A6E26AC0F56008A30E0 /* Debug */,
				4A4D0A6F26AC0F56008A30E0 /* Release */,
			);
			defaultConfigurationIsVisible = 0;
			defaultConfigurationName = Release;
		};
		4A98A6312684B50F00EEEB60 /* Build configuration list for PBXProject "NetworkArch" */ = {
			isa = XCConfigurationList;
			buildConfigurations = (
				4A98A64A2684B51100EEEB60 /* Debug */,
				4A98A64B2684B51100EEEB60 /* Release */,
			);
			defaultConfigurationIsVisible = 0;
			defaultConfigurationName = Release;
		};
		4A98A64C2684B51100EEEB60 /* Build configuration list for PBXNativeTarget "NetworkArch" */ = {
			isa = XCConfigurationList;
			buildConfigurations = (
				4A98A64D2684B51100EEEB60 /* Debug */,
				4A98A64E2684B51100EEEB60 /* Release */,
			);
			defaultConfigurationIsVisible = 0;
			defaultConfigurationName = Release;
		};
/* End XCConfigurationList section */
	};
	rootObject = 4A98A62E2684B50F00EEEB60 /* Project object */;
}
